// !$*UTF8*$!
{
	archiveVersion = 1;
	classes = {
	};
	objectVersion = 51;
	objects = {

/* Begin PBXBuildFile section */
		22F1C30E26648CF8003A1D5C /* AppDelegate.swift in Sources */ = {isa = PBXBuildFile; fileRef = 22F1C30D26648CF8003A1D5C /* AppDelegate.swift */; };
		22F1C31026648CF8003A1D5C /* SceneDelegate.swift in Sources */ = {isa = PBXBuildFile; fileRef = 22F1C30F26648CF8003A1D5C /* SceneDelegate.swift */; };
		22F1C31226648CF8003A1D5C /* ViewController.swift in Sources */ = {isa = PBXBuildFile; fileRef = 22F1C31126648CF8003A1D5C /* ViewController.swift */; };
		22F1C31526648CF8003A1D5C /* Main.storyboard in Resources */ = {isa = PBXBuildFile; fileRef = 22F1C31326648CF8003A1D5C /* Main.storyboard */; };
		22F1C31726648D01003A1D5C /* Assets.xcassets in Resources */ = {isa = PBXBuildFile; fileRef = 22F1C31626648D01003A1D5C /* Assets.xcassets */; };
		22F1C31A26648D01003A1D5C /* LaunchScreen.storyboard in Resources */ = {isa = PBXBuildFile; fileRef = 22F1C31826648D01003A1D5C /* LaunchScreen.storyboard */; };
		22F1C35C2664C7AC003A1D5C /* LoginViewController.swift in Sources */ = {isa = PBXBuildFile; fileRef = 22F1C35A2664C7AC003A1D5C /* LoginViewController.swift */; };
		22F1C35D2664C7AC003A1D5C /* LoginViewController.xib in Resources */ = {isa = PBXBuildFile; fileRef = 22F1C35B2664C7AC003A1D5C /* LoginViewController.xib */; };
		22F1C36C2664D152003A1D5C /* Localizable.strings in Resources */ = {isa = PBXBuildFile; fileRef = 22F1C36E2664D152003A1D5C /* Localizable.strings */; };
		22F1C3862665CB99003A1D5C /* RegisterViewController.swift in Sources */ = {isa = PBXBuildFile; fileRef = 22F1C3842665CB99003A1D5C /* RegisterViewController.swift */; };
		22F1C3872665CB99003A1D5C /* RegisterViewController.xib in Resources */ = {isa = PBXBuildFile; fileRef = 22F1C3852665CB99003A1D5C /* RegisterViewController.xib */; };
		22F1C38C2665CBCB003A1D5C /* ForgetPwViewController.swift in Sources */ = {isa = PBXBuildFile; fileRef = 22F1C38A2665CBCB003A1D5C /* ForgetPwViewController.swift */; };
		22F1C38D2665CBCB003A1D5C /* ForgetPwViewController.xib in Resources */ = {isa = PBXBuildFile; fileRef = 22F1C38B2665CBCB003A1D5C /* ForgetPwViewController.xib */; };
		22F1C39626660F7C003A1D5C /* SMMainViewController.swift in Sources */ = {isa = PBXBuildFile; fileRef = 22F1C39426660F7C003A1D5C /* SMMainViewController.swift */; };
		22F1C39726660F7C003A1D5C /* SMMainViewController.xib in Resources */ = {isa = PBXBuildFile; fileRef = 22F1C39526660F7C003A1D5C /* SMMainViewController.xib */; };
		22F1C39C26660FCC003A1D5C /* SMSideMenuViewController.swift in Sources */ = {isa = PBXBuildFile; fileRef = 22F1C39A26660FCC003A1D5C /* SMSideMenuViewController.swift */; };
		22F1C39D26660FCC003A1D5C /* SMSideMenuViewController.xib in Resources */ = {isa = PBXBuildFile; fileRef = 22F1C39B26660FCC003A1D5C /* SMSideMenuViewController.xib */; };
		22F1C3A1266613F7003A1D5C /* SideMenuTableViewCell.swift in Sources */ = {isa = PBXBuildFile; fileRef = 22F1C39F266613F7003A1D5C /* SideMenuTableViewCell.swift */; };
		22F1C3A2266613F7003A1D5C /* SideMenuTableViewCell.xib in Resources */ = {isa = PBXBuildFile; fileRef = 22F1C3A0266613F7003A1D5C /* SideMenuTableViewCell.xib */; };
		22F1C3A726661A34003A1D5C /* VideoViewController.swift in Sources */ = {isa = PBXBuildFile; fileRef = 22F1C3A526661A34003A1D5C /* VideoViewController.swift */; };
		22F1C3A826661A34003A1D5C /* VideoViewController.xib in Resources */ = {isa = PBXBuildFile; fileRef = 22F1C3A626661A34003A1D5C /* VideoViewController.xib */; };
		22F1C3D82668852D003A1D5C /* ProductViewController.swift in Sources */ = {isa = PBXBuildFile; fileRef = 22F1C3D62668852D003A1D5C /* ProductViewController.swift */; };
		22F1C3D92668852D003A1D5C /* ProductViewController.xib in Resources */ = {isa = PBXBuildFile; fileRef = 22F1C3D72668852D003A1D5C /* ProductViewController.xib */; };
		22F1C3E02668857B003A1D5C /* ShoppingCarViewController.swift in Sources */ = {isa = PBXBuildFile; fileRef = 22F1C3DE2668857B003A1D5C /* ShoppingCarViewController.swift */; };
		22F1C3E12668857B003A1D5C /* ShoppingCarViewController.xib in Resources */ = {isa = PBXBuildFile; fileRef = 22F1C3DF2668857B003A1D5C /* ShoppingCarViewController.xib */; };
		22F1C3E6266885D9003A1D5C /* OrderViewController.swift in Sources */ = {isa = PBXBuildFile; fileRef = 22F1C3E4266885D9003A1D5C /* OrderViewController.swift */; };
		22F1C3E7266885D9003A1D5C /* OrderViewController.xib in Resources */ = {isa = PBXBuildFile; fileRef = 22F1C3E5266885D9003A1D5C /* OrderViewController.xib */; };
		22F1C3EB266885F7003A1D5C /* HistoryOrderViewController.swift in Sources */ = {isa = PBXBuildFile; fileRef = 22F1C3E9266885F7003A1D5C /* HistoryOrderViewController.swift */; };
		22F1C3EC266885F7003A1D5C /* HistoryOrderViewController.xib in Resources */ = {isa = PBXBuildFile; fileRef = 22F1C3EA266885F7003A1D5C /* HistoryOrderViewController.xib */; };
		22F1C3F026688620003A1D5C /* MemberDataViewController.swift in Sources */ = {isa = PBXBuildFile; fileRef = 22F1C3EE26688620003A1D5C /* MemberDataViewController.swift */; };
		22F1C3F126688620003A1D5C /* MemberDataViewController.xib in Resources */ = {isa = PBXBuildFile; fileRef = 22F1C3EF26688620003A1D5C /* MemberDataViewController.xib */; };
		22F1C3F52668B44C003A1D5C /* CloudGatewayManager.swift in Sources */ = {isa = PBXBuildFile; fileRef = 22F1C3F42668B44C003A1D5C /* CloudGatewayManager.swift */; };
		22F1C3F82668B522003A1D5C /* VClient.swift in Sources */ = {isa = PBXBuildFile; fileRef = 22F1C3F72668B522003A1D5C /* VClient.swift */; };
		59BB5765C24B763600503843 /* Pods_Vastar.framework in Frameworks */ = {isa = PBXBuildFile; fileRef = 4D3F6B628888968EBF5FED1C /* Pods_Vastar.framework */; };
/* End PBXBuildFile section */

/* Begin PBXFileReference section */
		22F1C30A26648CF7003A1D5C /* Vastar.app */ = {isa = PBXFileReference; explicitFileType = wrapper.application; includeInIndex = 0; path = Vastar.app; sourceTree = BUILT_PRODUCTS_DIR; };
		22F1C30D26648CF8003A1D5C /* AppDelegate.swift */ = {isa = PBXFileReference; lastKnownFileType = sourcecode.swift; path = AppDelegate.swift; sourceTree = "<group>"; };
		22F1C30F26648CF8003A1D5C /* SceneDelegate.swift */ = {isa = PBXFileReference; lastKnownFileType = sourcecode.swift; path = SceneDelegate.swift; sourceTree = "<group>"; };
		22F1C31126648CF8003A1D5C /* ViewController.swift */ = {isa = PBXFileReference; lastKnownFileType = sourcecode.swift; path = ViewController.swift; sourceTree = "<group>"; };
		22F1C31426648CF8003A1D5C /* Base */ = {isa = PBXFileReference; lastKnownFileType = file.storyboard; name = Base; path = Base.lproj/Main.storyboard; sourceTree = "<group>"; };
		22F1C31626648D01003A1D5C /* Assets.xcassets */ = {isa = PBXFileReference; lastKnownFileType = folder.assetcatalog; path = Assets.xcassets; sourceTree = "<group>"; };
		22F1C31926648D01003A1D5C /* Base */ = {isa = PBXFileReference; lastKnownFileType = file.storyboard; name = Base; path = Base.lproj/LaunchScreen.storyboard; sourceTree = "<group>"; };
		22F1C31B26648D01003A1D5C /* Info.plist */ = {isa = PBXFileReference; lastKnownFileType = text.plist.xml; path = Info.plist; sourceTree = "<group>"; };
		22F1C35A2664C7AC003A1D5C /* LoginViewController.swift */ = {isa = PBXFileReference; lastKnownFileType = sourcecode.swift; path = LoginViewController.swift; sourceTree = "<group>"; };
		22F1C35B2664C7AC003A1D5C /* LoginViewController.xib */ = {isa = PBXFileReference; lastKnownFileType = file.xib; path = LoginViewController.xib; sourceTree = "<group>"; };
		22F1C3642664D090003A1D5C /* zh-Hant */ = {isa = PBXFileReference; lastKnownFileType = text.plist.strings; name = "zh-Hant"; path = "zh-Hant.lproj/Main.strings"; sourceTree = "<group>"; };
		22F1C3652664D090003A1D5C /* zh-Hant */ = {isa = PBXFileReference; lastKnownFileType = text.plist.strings; name = "zh-Hant"; path = "zh-Hant.lproj/LaunchScreen.strings"; sourceTree = "<group>"; };
		22F1C36D2664D152003A1D5C /* en */ = {isa = PBXFileReference; lastKnownFileType = text.plist.strings; name = en; path = en.lproj/Localizable.strings; sourceTree = "<group>"; };
		22F1C3702664D158003A1D5C /* zh-Hant */ = {isa = PBXFileReference; lastKnownFileType = text.plist.strings; name = "zh-Hant"; path = "zh-Hant.lproj/Localizable.strings"; sourceTree = "<group>"; };
		22F1C3842665CB99003A1D5C /* RegisterViewController.swift */ = {isa = PBXFileReference; lastKnownFileType = sourcecode.swift; path = RegisterViewController.swift; sourceTree = "<group>"; };
		22F1C3852665CB99003A1D5C /* RegisterViewController.xib */ = {isa = PBXFileReference; lastKnownFileType = file.xib; path = RegisterViewController.xib; sourceTree = "<group>"; };
		22F1C38A2665CBCB003A1D5C /* ForgetPwViewController.swift */ = {isa = PBXFileReference; lastKnownFileType = sourcecode.swift; path = ForgetPwViewController.swift; sourceTree = "<group>"; };
		22F1C38B2665CBCB003A1D5C /* ForgetPwViewController.xib */ = {isa = PBXFileReference; lastKnownFileType = file.xib; path = ForgetPwViewController.xib; sourceTree = "<group>"; };
		22F1C39426660F7C003A1D5C /* SMMainViewController.swift */ = {isa = PBXFileReference; lastKnownFileType = sourcecode.swift; path = SMMainViewController.swift; sourceTree = "<group>"; };
		22F1C39526660F7C003A1D5C /* SMMainViewController.xib */ = {isa = PBXFileReference; lastKnownFileType = file.xib; path = SMMainViewController.xib; sourceTree = "<group>"; };
		22F1C39A26660FCC003A1D5C /* SMSideMenuViewController.swift */ = {isa = PBXFileReference; lastKnownFileType = sourcecode.swift; path = SMSideMenuViewController.swift; sourceTree = "<group>"; };
		22F1C39B26660FCC003A1D5C /* SMSideMenuViewController.xib */ = {isa = PBXFileReference; lastKnownFileType = file.xib; path = SMSideMenuViewController.xib; sourceTree = "<group>"; };
		22F1C39F266613F7003A1D5C /* SideMenuTableViewCell.swift */ = {isa = PBXFileReference; lastKnownFileType = sourcecode.swift; path = SideMenuTableViewCell.swift; sourceTree = "<group>"; };
		22F1C3A0266613F7003A1D5C /* SideMenuTableViewCell.xib */ = {isa = PBXFileReference; lastKnownFileType = file.xib; path = SideMenuTableViewCell.xib; sourceTree = "<group>"; };
		22F1C3A526661A34003A1D5C /* VideoViewController.swift */ = {isa = PBXFileReference; lastKnownFileType = sourcecode.swift; path = VideoViewController.swift; sourceTree = "<group>"; };
		22F1C3A626661A34003A1D5C /* VideoViewController.xib */ = {isa = PBXFileReference; lastKnownFileType = file.xib; path = VideoViewController.xib; sourceTree = "<group>"; };
		22F1C3D62668852D003A1D5C /* ProductViewController.swift */ = {isa = PBXFileReference; lastKnownFileType = sourcecode.swift; path = ProductViewController.swift; sourceTree = "<group>"; };
		22F1C3D72668852D003A1D5C /* ProductViewController.xib */ = {isa = PBXFileReference; lastKnownFileType = file.xib; path = ProductViewController.xib; sourceTree = "<group>"; };
		22F1C3DE2668857B003A1D5C /* ShoppingCarViewController.swift */ = {isa = PBXFileReference; lastKnownFileType = sourcecode.swift; path = ShoppingCarViewController.swift; sourceTree = "<group>"; };
		22F1C3DF2668857B003A1D5C /* ShoppingCarViewController.xib */ = {isa = PBXFileReference; lastKnownFileType = file.xib; path = ShoppingCarViewController.xib; sourceTree = "<group>"; };
		22F1C3E4266885D9003A1D5C /* OrderViewController.swift */ = {isa = PBXFileReference; lastKnownFileType = sourcecode.swift; path = OrderViewController.swift; sourceTree = "<group>"; };
		22F1C3E5266885D9003A1D5C /* OrderViewController.xib */ = {isa = PBXFileReference; lastKnownFileType = file.xib; path = OrderViewController.xib; sourceTree = "<group>"; };
		22F1C3E9266885F7003A1D5C /* HistoryOrderViewController.swift */ = {isa = PBXFileReference; lastKnownFileType = sourcecode.swift; path = HistoryOrderViewController.swift; sourceTree = "<group>"; };
		22F1C3EA266885F7003A1D5C /* HistoryOrderViewController.xib */ = {isa = PBXFileReference; lastKnownFileType = file.xib; path = HistoryOrderViewController.xib; sourceTree = "<group>"; };
		22F1C3EE26688620003A1D5C /* MemberDataViewController.swift */ = {isa = PBXFileReference; lastKnownFileType = sourcecode.swift; path = MemberDataViewController.swift; sourceTree = "<group>"; };
		22F1C3EF26688620003A1D5C /* MemberDataViewController.xib */ = {isa = PBXFileReference; lastKnownFileType = file.xib; path = MemberDataViewController.xib; sourceTree = "<group>"; };
		22F1C3F42668B44C003A1D5C /* CloudGatewayManager.swift */ = {isa = PBXFileReference; lastKnownFileType = sourcecode.swift; path = CloudGatewayManager.swift; sourceTree = "<group>"; };
		22F1C3F72668B522003A1D5C /* VClient.swift */ = {isa = PBXFileReference; lastKnownFileType = sourcecode.swift; path = VClient.swift; sourceTree = "<group>"; };
		4D3F6B628888968EBF5FED1C /* Pods_Vastar.framework */ = {isa = PBXFileReference; explicitFileType = wrapper.framework; includeInIndex = 0; path = Pods_Vastar.framework; sourceTree = BUILT_PRODUCTS_DIR; };
		712042D70D1373F3119BDA1B /* Pods-Vastar.release.xcconfig */ = {isa = PBXFileReference; includeInIndex = 1; lastKnownFileType = text.xcconfig; name = "Pods-Vastar.release.xcconfig"; path = "Target Support Files/Pods-Vastar/Pods-Vastar.release.xcconfig"; sourceTree = "<group>"; };
		AA7D015424682E86B089ECA9 /* Pods-Vastar.debug.xcconfig */ = {isa = PBXFileReference; includeInIndex = 1; lastKnownFileType = text.xcconfig; name = "Pods-Vastar.debug.xcconfig"; path = "Target Support Files/Pods-Vastar/Pods-Vastar.debug.xcconfig"; sourceTree = "<group>"; };
/* End PBXFileReference section */

/* Begin PBXFrameworksBuildPhase section */
		22F1C30726648CF7003A1D5C /* Frameworks */ = {
			isa = PBXFrameworksBuildPhase;
			buildActionMask = 2147483647;
			files = (
				59BB5765C24B763600503843 /* Pods_Vastar.framework in Frameworks */,
			);
			runOnlyForDeploymentPostprocessing = 0;
		};
/* End PBXFrameworksBuildPhase section */

/* Begin PBXGroup section */
		22F1C30126648CF7003A1D5C = {
			isa = PBXGroup;
			children = (
				22F1C30C26648CF7003A1D5C /* Vastar */,
				22F1C30B26648CF7003A1D5C /* Products */,
				8463F18985A4874208FC738A /* Pods */,
				4F478BFC4CD209678CBA066D /* Frameworks */,
			);
			sourceTree = "<group>";
		};
		22F1C30B26648CF7003A1D5C /* Products */ = {
			isa = PBXGroup;
			children = (
				22F1C30A26648CF7003A1D5C /* Vastar.app */,
			);
			name = Products;
			sourceTree = "<group>";
		};
		22F1C30C26648CF7003A1D5C /* Vastar */ = {
			isa = PBXGroup;
			children = (
				22F1C39126660E1D003A1D5C /* Components */,
				22F1C3532664C58F003A1D5C /* Login */,
				22F1C3A4266619FA003A1D5C /* SideBar */,
				22F1C30D26648CF8003A1D5C /* AppDelegate.swift */,
				22F1C30F26648CF8003A1D5C /* SceneDelegate.swift */,
				22F1C31126648CF8003A1D5C /* ViewController.swift */,
				22F1C31326648CF8003A1D5C /* Main.storyboard */,
				22F1C31626648D01003A1D5C /* Assets.xcassets */,
				22F1C31826648D01003A1D5C /* LaunchScreen.storyboard */,
				22F1C31B26648D01003A1D5C /* Info.plist */,
				22F1C36E2664D152003A1D5C /* Localizable.strings */,
			);
			path = Vastar;
			sourceTree = "<group>";
		};
		22F1C3532664C58F003A1D5C /* Login */ = {
			isa = PBXGroup;
			children = (
				22F1C35A2664C7AC003A1D5C /* LoginViewController.swift */,
				22F1C35B2664C7AC003A1D5C /* LoginViewController.xib */,
				22F1C3842665CB99003A1D5C /* RegisterViewController.swift */,
				22F1C3852665CB99003A1D5C /* RegisterViewController.xib */,
				22F1C38A2665CBCB003A1D5C /* ForgetPwViewController.swift */,
				22F1C38B2665CBCB003A1D5C /* ForgetPwViewController.xib */,
			);
			path = Login;
			sourceTree = "<group>";
		};
		22F1C39126660E1D003A1D5C /* Components */ = {
			isa = PBXGroup;
			children = (
				22F1C3F32668B41B003A1D5C /* VClient */,
				22F1C39326660F17003A1D5C /* TableViewCell */,
				22F1C39226660EFE003A1D5C /* SideMenu */,
			);
			path = Components;
			sourceTree = "<group>";
		};
		22F1C39226660EFE003A1D5C /* SideMenu */ = {
			isa = PBXGroup;
			children = (
				22F1C39426660F7C003A1D5C /* SMMainViewController.swift */,
				22F1C39526660F7C003A1D5C /* SMMainViewController.xib */,
				22F1C39A26660FCC003A1D5C /* SMSideMenuViewController.swift */,
				22F1C39B26660FCC003A1D5C /* SMSideMenuViewController.xib */,
			);
			path = SideMenu;
			sourceTree = "<group>";
		};
		22F1C39326660F17003A1D5C /* TableViewCell */ = {
			isa = PBXGroup;
			children = (
				22F1C39F266613F7003A1D5C /* SideMenuTableViewCell.swift */,
				22F1C3A0266613F7003A1D5C /* SideMenuTableViewCell.xib */,
			);
			path = TableViewCell;
			sourceTree = "<group>";
		};
		22F1C3A4266619FA003A1D5C /* SideBar */ = {
			isa = PBXGroup;
			children = (
				22F1C3A526661A34003A1D5C /* VideoViewController.swift */,
				22F1C3A626661A34003A1D5C /* VideoViewController.xib */,
				22F1C3D62668852D003A1D5C /* ProductViewController.swift */,
				22F1C3D72668852D003A1D5C /* ProductViewController.xib */,
				22F1C3DE2668857B003A1D5C /* ShoppingCarViewController.swift */,
				22F1C3DF2668857B003A1D5C /* ShoppingCarViewController.xib */,
				22F1C3E4266885D9003A1D5C /* OrderViewController.swift */,
				22F1C3E5266885D9003A1D5C /* OrderViewController.xib */,
				22F1C3E9266885F7003A1D5C /* HistoryOrderViewController.swift */,
				22F1C3EA266885F7003A1D5C /* HistoryOrderViewController.xib */,
				22F1C3EE26688620003A1D5C /* MemberDataViewController.swift */,
				22F1C3EF26688620003A1D5C /* MemberDataViewController.xib */,
			);
			path = SideBar;
			sourceTree = "<group>";
		};
		22F1C3F32668B41B003A1D5C /* VClient */ = {
			isa = PBXGroup;
			children = (
				22F1C3F42668B44C003A1D5C /* CloudGatewayManager.swift */,
				22F1C3F72668B522003A1D5C /* VClient.swift */,
			);
			path = VClient;
			sourceTree = "<group>";
		};
		4F478BFC4CD209678CBA066D /* Frameworks */ = {
			isa = PBXGroup;
			children = (
				4D3F6B628888968EBF5FED1C /* Pods_Vastar.framework */,
			);
			name = Frameworks;
			sourceTree = "<group>";
		};
		8463F18985A4874208FC738A /* Pods */ = {
			isa = PBXGroup;
			children = (
				AA7D015424682E86B089ECA9 /* Pods-Vastar.debug.xcconfig */,
				712042D70D1373F3119BDA1B /* Pods-Vastar.release.xcconfig */,
			);
			path = Pods;
			sourceTree = "<group>";
		};
/* End PBXGroup section */

/* Begin PBXNativeTarget section */
		22F1C30926648CF7003A1D5C /* Vastar */ = {
			isa = PBXNativeTarget;
			buildConfigurationList = 22F1C31E26648D01003A1D5C /* Build configuration list for PBXNativeTarget "Vastar" */;
			buildPhases = (
				841F28E2DCA9609F84187FF1 /* [CP] Check Pods Manifest.lock */,
				22F1C30626648CF7003A1D5C /* Sources */,
				22F1C30726648CF7003A1D5C /* Frameworks */,
				22F1C30826648CF7003A1D5C /* Resources */,
				5B9C1A89B155981CF0FEABAA /* [CP] Embed Pods Frameworks */,
			);
			buildRules = (
			);
			dependencies = (
			);
			name = Vastar;
			productName = Vastar;
			productReference = 22F1C30A26648CF7003A1D5C /* Vastar.app */;
			productType = "com.apple.product-type.application";
		};
/* End PBXNativeTarget section */

/* Begin PBXProject section */
		22F1C30226648CF7003A1D5C /* Project object */ = {
			isa = PBXProject;
			attributes = {
				LastSwiftUpdateCheck = 1230;
				LastUpgradeCheck = 1230;
				TargetAttributes = {
					22F1C30926648CF7003A1D5C = {
						CreatedOnToolsVersion = 12.3;
					};
				};
			};
			buildConfigurationList = 22F1C30526648CF7003A1D5C /* Build configuration list for PBXProject "Vastar" */;
			compatibilityVersion = "Xcode 9.3";
			developmentRegion = en;
			hasScannedForEncodings = 0;
			knownRegions = (
				en,
				Base,
				"zh-Hant",
			);
			mainGroup = 22F1C30126648CF7003A1D5C;
			productRefGroup = 22F1C30B26648CF7003A1D5C /* Products */;
			projectDirPath = "";
			projectRoot = "";
			targets = (
				22F1C30926648CF7003A1D5C /* Vastar */,
			);
		};
/* End PBXProject section */

/* Begin PBXResourcesBuildPhase section */
		22F1C30826648CF7003A1D5C /* Resources */ = {
			isa = PBXResourcesBuildPhase;
			buildActionMask = 2147483647;
			files = (
				22F1C39D26660FCC003A1D5C /* SMSideMenuViewController.xib in Resources */,
				22F1C3A2266613F7003A1D5C /* SideMenuTableViewCell.xib in Resources */,
				22F1C35D2664C7AC003A1D5C /* LoginViewController.xib in Resources */,
				22F1C3E12668857B003A1D5C /* ShoppingCarViewController.xib in Resources */,
				22F1C38D2665CBCB003A1D5C /* ForgetPwViewController.xib in Resources */,
				22F1C31A26648D01003A1D5C /* LaunchScreen.storyboard in Resources */,
				22F1C36C2664D152003A1D5C /* Localizable.strings in Resources */,
				22F1C3E7266885D9003A1D5C /* OrderViewController.xib in Resources */,
				22F1C31726648D01003A1D5C /* Assets.xcassets in Resources */,
				22F1C39726660F7C003A1D5C /* SMMainViewController.xib in Resources */,
				22F1C31526648CF8003A1D5C /* Main.storyboard in Resources */,
				22F1C3A826661A34003A1D5C /* VideoViewController.xib in Resources */,
				22F1C3D92668852D003A1D5C /* ProductViewController.xib in Resources */,
				22F1C3EC266885F7003A1D5C /* HistoryOrderViewController.xib in Resources */,
				22F1C3F126688620003A1D5C /* MemberDataViewController.xib in Resources */,
				22F1C3872665CB99003A1D5C /* RegisterViewController.xib in Resources */,
			);
			runOnlyForDeploymentPostprocessing = 0;
		};
/* End PBXResourcesBuildPhase section */

/* Begin PBXShellScriptBuildPhase section */
		5B9C1A89B155981CF0FEABAA /* [CP] Embed Pods Frameworks */ = {
			isa = PBXShellScriptBuildPhase;
			buildActionMask = 2147483647;
			files = (
			);
			inputFileListPaths = (
				"${PODS_ROOT}/Target Support Files/Pods-Vastar/Pods-Vastar-frameworks-${CONFIGURATION}-input-files.xcfilelist",
			);
			name = "[CP] Embed Pods Frameworks";
			outputFileListPaths = (
				"${PODS_ROOT}/Target Support Files/Pods-Vastar/Pods-Vastar-frameworks-${CONFIGURATION}-output-files.xcfilelist",
			);
			runOnlyForDeploymentPostprocessing = 0;
			shellPath = /bin/sh;
			shellScript = "\"${PODS_ROOT}/Target Support Files/Pods-Vastar/Pods-Vastar-frameworks.sh\"\n";
			showEnvVarsInLog = 0;
		};
		841F28E2DCA9609F84187FF1 /* [CP] Check Pods Manifest.lock */ = {
			isa = PBXShellScriptBuildPhase;
			buildActionMask = 2147483647;
			files = (
			);
			inputFileListPaths = (
			);
			inputPaths = (
				"${PODS_PODFILE_DIR_PATH}/Podfile.lock",
				"${PODS_ROOT}/Manifest.lock",
			);
			name = "[CP] Check Pods Manifest.lock";
			outputFileListPaths = (
			);
			outputPaths = (
				"$(DERIVED_FILE_DIR)/Pods-Vastar-checkManifestLockResult.txt",
			);
			runOnlyForDeploymentPostprocessing = 0;
			shellPath = /bin/sh;
			shellScript = "diff \"${PODS_PODFILE_DIR_PATH}/Podfile.lock\" \"${PODS_ROOT}/Manifest.lock\" > /dev/null\nif [ $? != 0 ] ; then\n    # print error to STDERR\n    echo \"error: The sandbox is not in sync with the Podfile.lock. Run 'pod install' or update your CocoaPods installation.\" >&2\n    exit 1\nfi\n# This output is used by Xcode 'outputs' to avoid re-running this script phase.\necho \"SUCCESS\" > \"${SCRIPT_OUTPUT_FILE_0}\"\n";
			showEnvVarsInLog = 0;
		};
/* End PBXShellScriptBuildPhase section */

/* Begin PBXSourcesBuildPhase section */
		22F1C30626648CF7003A1D5C /* Sources */ = {
			isa = PBXSourcesBuildPhase;
			buildActionMask = 2147483647;
			files = (
				22F1C35C2664C7AC003A1D5C /* LoginViewController.swift in Sources */,
				22F1C3862665CB99003A1D5C /* RegisterViewController.swift in Sources */,
				22F1C3E6266885D9003A1D5C /* OrderViewController.swift in Sources */,
				22F1C39C26660FCC003A1D5C /* SMSideMenuViewController.swift in Sources */,
				22F1C3D82668852D003A1D5C /* ProductViewController.swift in Sources */,
				22F1C31226648CF8003A1D5C /* ViewController.swift in Sources */,
				22F1C3F82668B522003A1D5C /* VClient.swift in Sources */,
				22F1C3EB266885F7003A1D5C /* HistoryOrderViewController.swift in Sources */,
				22F1C30E26648CF8003A1D5C /* AppDelegate.swift in Sources */,
				22F1C3F52668B44C003A1D5C /* CloudGatewayManager.swift in Sources */,
				22F1C39626660F7C003A1D5C /* SMMainViewController.swift in Sources */,
				22F1C3E02668857B003A1D5C /* ShoppingCarViewController.swift in Sources */,
				22F1C3A1266613F7003A1D5C /* SideMenuTableViewCell.swift in Sources */,
				22F1C3F026688620003A1D5C /* MemberDataViewController.swift in Sources */,
				22F1C38C2665CBCB003A1D5C /* ForgetPwViewController.swift in Sources */,
				22F1C3A726661A34003A1D5C /* VideoViewController.swift in Sources */,
				22F1C31026648CF8003A1D5C /* SceneDelegate.swift in Sources */,
			);
			runOnlyForDeploymentPostprocessing = 0;
		};
/* End PBXSourcesBuildPhase section */

/* Begin PBXVariantGroup section */
		22F1C31326648CF8003A1D5C /* Main.storyboard */ = {
			isa = PBXVariantGroup;
			children = (
				22F1C31426648CF8003A1D5C /* Base */,
				22F1C3642664D090003A1D5C /* zh-Hant */,
			);
			name = Main.storyboard;
			sourceTree = "<group>";
		};
		22F1C31826648D01003A1D5C /* LaunchScreen.storyboard */ = {
			isa = PBXVariantGroup;
			children = (
				22F1C31926648D01003A1D5C /* Base */,
				22F1C3652664D090003A1D5C /* zh-Hant */,
			);
			name = LaunchScreen.storyboard;
			sourceTree = "<group>";
		};
		22F1C36E2664D152003A1D5C /* Localizable.strings */ = {
			isa = PBXVariantGroup;
			children = (
				22F1C36D2664D152003A1D5C /* en */,
				22F1C3702664D158003A1D5C /* zh-Hant */,
			);
			name = Localizable.strings;
			sourceTree = "<group>";
		};
/* End PBXVariantGroup section */

/* Begin XCBuildConfiguration section */
		22F1C31C26648D01003A1D5C /* Debug */ = {
			isa = XCBuildConfiguration;
			buildSettings = {
				ALWAYS_SEARCH_USER_PATHS = NO;
				CLANG_ANALYZER_LOCALIZABILITY_NONLOCALIZED = YES;
				CLANG_ANALYZER_NONNULL = YES;
				CLANG_ANALYZER_NUMBER_OBJECT_CONVERSION = YES_AGGRESSIVE;
				CLANG_CXX_LANGUAGE_STANDARD = "gnu++14";
				CLANG_CXX_LIBRARY = "libc++";
				CLANG_ENABLE_MODULES = YES;
				CLANG_ENABLE_OBJC_ARC = YES;
				CLANG_ENABLE_OBJC_WEAK = YES;
				CLANG_WARN_BLOCK_CAPTURE_AUTORELEASING = YES;
				CLANG_WARN_BOOL_CONVERSION = YES;
				CLANG_WARN_COMMA = YES;
				CLANG_WARN_CONSTANT_CONVERSION = YES;
				CLANG_WARN_DEPRECATED_OBJC_IMPLEMENTATIONS = YES;
				CLANG_WARN_DIRECT_OBJC_ISA_USAGE = YES_ERROR;
				CLANG_WARN_DOCUMENTATION_COMMENTS = YES;
				CLANG_WARN_EMPTY_BODY = YES;
				CLANG_WARN_ENUM_CONVERSION = YES;
				CLANG_WARN_INFINITE_RECURSION = YES;
				CLANG_WARN_INT_CONVERSION = YES;
				CLANG_WARN_NON_LITERAL_NULL_CONVERSION = YES;
				CLANG_WARN_OBJC_IMPLICIT_RETAIN_SELF = YES;
				CLANG_WARN_OBJC_LITERAL_CONVERSION = YES;
				CLANG_WARN_OBJC_ROOT_CLASS = YES_ERROR;
				CLANG_WARN_QUOTED_INCLUDE_IN_FRAMEWORK_HEADER = YES;
				CLANG_WARN_RANGE_LOOP_ANALYSIS = YES;
				CLANG_WARN_STRICT_PROTOTYPES = YES;
				CLANG_WARN_SUSPICIOUS_MOVE = YES;
				CLANG_WARN_UNGUARDED_AVAILABILITY = YES_AGGRESSIVE;
				CLANG_WARN_UNREACHABLE_CODE = YES;
				CLANG_WARN__DUPLICATE_METHOD_MATCH = YES;
				COPY_PHASE_STRIP = NO;
				DEBUG_INFORMATION_FORMAT = dwarf;
				ENABLE_STRICT_OBJC_MSGSEND = YES;
				ENABLE_TESTABILITY = YES;
				GCC_C_LANGUAGE_STANDARD = gnu11;
				GCC_DYNAMIC_NO_PIC = NO;
				GCC_NO_COMMON_BLOCKS = YES;
				GCC_OPTIMIZATION_LEVEL = 0;
				GCC_PREPROCESSOR_DEFINITIONS = (
					"DEBUG=1",
					"$(inherited)",
				);
				GCC_WARN_64_TO_32_BIT_CONVERSION = YES;
				GCC_WARN_ABOUT_RETURN_TYPE = YES_ERROR;
				GCC_WARN_UNDECLARED_SELECTOR = YES;
				GCC_WARN_UNINITIALIZED_AUTOS = YES_AGGRESSIVE;
				GCC_WARN_UNUSED_FUNCTION = YES;
				GCC_WARN_UNUSED_VARIABLE = YES;
				IPHONEOS_DEPLOYMENT_TARGET = 11.0;
				MTL_ENABLE_DEBUG_INFO = INCLUDE_SOURCE;
				MTL_FAST_MATH = YES;
				ONLY_ACTIVE_ARCH = YES;
				SDKROOT = iphoneos;
				SWIFT_ACTIVE_COMPILATION_CONDITIONS = DEBUG;
				SWIFT_OPTIMIZATION_LEVEL = "-Onone";
			};
			name = Debug;
		};
		22F1C31D26648D01003A1D5C /* Release */ = {
			isa = XCBuildConfiguration;
			buildSettings = {
				ALWAYS_SEARCH_USER_PATHS = NO;
				CLANG_ANALYZER_LOCALIZABILITY_NONLOCALIZED = YES;
				CLANG_ANALYZER_NONNULL = YES;
				CLANG_ANALYZER_NUMBER_OBJECT_CONVERSION = YES_AGGRESSIVE;
				CLANG_CXX_LANGUAGE_STANDARD = "gnu++14";
				CLANG_CXX_LIBRARY = "libc++";
				CLANG_ENABLE_MODULES = YES;
				CLANG_ENABLE_OBJC_ARC = YES;
				CLANG_ENABLE_OBJC_WEAK = YES;
				CLANG_WARN_BLOCK_CAPTURE_AUTORELEASING = YES;
				CLANG_WARN_BOOL_CONVERSION = YES;
				CLANG_WARN_COMMA = YES;
				CLANG_WARN_CONSTANT_CONVERSION = YES;
				CLANG_WARN_DEPRECATED_OBJC_IMPLEMENTATIONS = YES;
				CLANG_WARN_DIRECT_OBJC_ISA_USAGE = YES_ERROR;
				CLANG_WARN_DOCUMENTATION_COMMENTS = YES;
				CLANG_WARN_EMPTY_BODY = YES;
				CLANG_WARN_ENUM_CONVERSION = YES;
				CLANG_WARN_INFINITE_RECURSION = YES;
				CLANG_WARN_INT_CONVERSION = YES;
				CLANG_WARN_NON_LITERAL_NULL_CONVERSION = YES;
				CLANG_WARN_OBJC_IMPLICIT_RETAIN_SELF = YES;
				CLANG_WARN_OBJC_LITERAL_CONVERSION = YES;
				CLANG_WARN_OBJC_ROOT_CLASS = YES_ERROR;
				CLANG_WARN_QUOTED_INCLUDE_IN_FRAMEWORK_HEADER = YES;
				CLANG_WARN_RANGE_LOOP_ANALYSIS = YES;
				CLANG_WARN_STRICT_PROTOTYPES = YES;
				CLANG_WARN_SUSPICIOUS_MOVE = YES;
				CLANG_WARN_UNGUARDED_AVAILABILITY = YES_AGGRESSIVE;
				CLANG_WARN_UNREACHABLE_CODE = YES;
				CLANG_WARN__DUPLICATE_METHOD_MATCH = YES;
				COPY_PHASE_STRIP = NO;
				DEBUG_INFORMATION_FORMAT = "dwarf-with-dsym";
				ENABLE_NS_ASSERTIONS = NO;
				ENABLE_STRICT_OBJC_MSGSEND = YES;
				GCC_C_LANGUAGE_STANDARD = gnu11;
				GCC_NO_COMMON_BLOCKS = YES;
				GCC_WARN_64_TO_32_BIT_CONVERSION = YES;
				GCC_WARN_ABOUT_RETURN_TYPE = YES_ERROR;
				GCC_WARN_UNDECLARED_SELECTOR = YES;
				GCC_WARN_UNINITIALIZED_AUTOS = YES_AGGRESSIVE;
				GCC_WARN_UNUSED_FUNCTION = YES;
				GCC_WARN_UNUSED_VARIABLE = YES;
				IPHONEOS_DEPLOYMENT_TARGET = 11.0;
				MTL_ENABLE_DEBUG_INFO = NO;
				MTL_FAST_MATH = YES;
				SDKROOT = iphoneos;
				SWIFT_COMPILATION_MODE = wholemodule;
				SWIFT_OPTIMIZATION_LEVEL = "-O";
				VALIDATE_PRODUCT = YES;
			};
			name = Release;
		};
		22F1C31F26648D01003A1D5C /* Debug */ = {
			isa = XCBuildConfiguration;
			baseConfigurationReference = AA7D015424682E86B089ECA9 /* Pods-Vastar.debug.xcconfig */;
			buildSettings = {
				ASSETCATALOG_COMPILER_APPICON_NAME = AppIcon;
				ASSETCATALOG_COMPILER_GLOBAL_ACCENT_COLOR_NAME = AccentColor;
				CODE_SIGN_STYLE = Automatic;
				INFOPLIST_FILE = Vastar/Info.plist;
				IPHONEOS_DEPLOYMENT_TARGET = 11.0;
				LD_RUNPATH_SEARCH_PATHS = (
					"$(inherited)",
					"@executable_path/Frameworks",
				);
				PRODUCT_BUNDLE_IDENTIFIER = com.cw.studio.RD.Vastar;
				PRODUCT_NAME = "$(TARGET_NAME)";
				SWIFT_VERSION = 5.0;
				TARGETED_DEVICE_FAMILY = "1,2";
			};
			name = Debug;
		};
		22F1C32026648D01003A1D5C /* Release */ = {
			isa = XCBuildConfiguration;
			baseConfigurationReference = 712042D70D1373F3119BDA1B /* Pods-Vastar.release.xcconfig */;
			buildSettings = {
				ASSETCATALOG_COMPILER_APPICON_NAME = AppIcon;
				ASSETCATALOG_COMPILER_GLOBAL_ACCENT_COLOR_NAME = AccentColor;
				CODE_SIGN_STYLE = Automatic;
				INFOPLIST_FILE = Vastar/Info.plist;
				IPHONEOS_DEPLOYMENT_TARGET = 11.0;
				LD_RUNPATH_SEARCH_PATHS = (
					"$(inherited)",
					"@executable_path/Frameworks",
				);
				PRODUCT_BUNDLE_IDENTIFIER = com.cw.studio.RD.Vastar;
				PRODUCT_NAME = "$(TARGET_NAME)";
				SWIFT_VERSION = 5.0;
				TARGETED_DEVICE_FAMILY = "1,2";
			};
			name = Release;
		};
/* End XCBuildConfiguration section */

/* Begin XCConfigurationList section */
		22F1C30526648CF7003A1D5C /* Build configuration list for PBXProject "Vastar" */ = {
			isa = XCConfigurationList;
			buildConfigurations = (
				22F1C31C26648D01003A1D5C /* Debug */,
				22F1C31D26648D01003A1D5C /* Release */,
			);
			defaultConfigurationIsVisible = 0;
			defaultConfigurationName = Release;
		};
		22F1C31E26648D01003A1D5C /* Build configuration list for PBXNativeTarget "Vastar" */ = {
			isa = XCConfigurationList;
			buildConfigurations = (
				22F1C31F26648D01003A1D5C /* Debug */,
				22F1C32026648D01003A1D5C /* Release */,
			);
			defaultConfigurationIsVisible = 0;
			defaultConfigurationName = Release;
		};
/* End XCConfigurationList section */
	};
	rootObject = 22F1C30226648CF7003A1D5C /* Project object */;
}
