// !$*UTF8*$!
{
	archiveVersion = 1;
	classes = {
	};
	objectVersion = 51;
	objects = {

/* Begin PBXBuildFile section */
		2203BBE2266DCD3C006986D2 /* ChangePwViewController.swift in Sources */ = {isa = PBXBuildFile; fileRef = 2203BBE0266DCD3C006986D2 /* ChangePwViewController.swift */; };
		2203BBE3266DCD3C006986D2 /* ChangePwViewController.xib in Resources */ = {isa = PBXBuildFile; fileRef = 2203BBE1266DCD3C006986D2 /* ChangePwViewController.xib */; };
		2203BBE62670947E006986D2 /* AppInfoManager.swift in Sources */ = {isa = PBXBuildFile; fileRef = 2203BBE52670947D006986D2 /* AppInfoManager.swift */; };
		2203BBE92670C3EE006986D2 /* CustomButton.swift in Sources */ = {isa = PBXBuildFile; fileRef = 2203BBE82670C3EE006986D2 /* CustomButton.swift */; };
		2203BBEE26721043006986D2 /* RecipientAddView.swift in Sources */ = {isa = PBXBuildFile; fileRef = 2203BBED26721043006986D2 /* RecipientAddView.swift */; };
		2203BBF12672106D006986D2 /* RecipientAddView.xib in Resources */ = {isa = PBXBuildFile; fileRef = 2203BBF02672106D006986D2 /* RecipientAddView.xib */; };
		2203BBF5267362BA006986D2 /* ReceiverTableViewCell.swift in Sources */ = {isa = PBXBuildFile; fileRef = 2203BBF3267362BA006986D2 /* ReceiverTableViewCell.swift */; };
		2203BBF6267362BA006986D2 /* ReceiverTableViewCell.xib in Resources */ = {isa = PBXBuildFile; fileRef = 2203BBF4267362BA006986D2 /* ReceiverTableViewCell.xib */; };
		220B260126BDA99C007FC2AA /* CustomAlertTwoBtnView.swift in Sources */ = {isa = PBXBuildFile; fileRef = 220B260026BDA99C007FC2AA /* CustomAlertTwoBtnView.swift */; };
		220B260326BDAA04007FC2AA /* CustomAlertTwoBtnView.xib in Resources */ = {isa = PBXBuildFile; fileRef = 220B260226BDAA04007FC2AA /* CustomAlertTwoBtnView.xib */; };
		220B260526E5AFED007FC2AA /* stage-public.pem in Resources */ = {isa = PBXBuildFile; fileRef = 220B260426E5AFEC007FC2AA /* stage-public.pem */; };
		220B260926E74758007FC2AA /* TransactionViewController.swift in Sources */ = {isa = PBXBuildFile; fileRef = 220B260726E74758007FC2AA /* TransactionViewController.swift */; };
		220B260A26E74758007FC2AA /* TransactionViewController.xib in Resources */ = {isa = PBXBuildFile; fileRef = 220B260826E74758007FC2AA /* TransactionViewController.xib */; };
		220B260C26E9B424007FC2AA /* pub.pem in Resources */ = {isa = PBXBuildFile; fileRef = 220B260B26E9B424007FC2AA /* pub.pem */; };
		220B260F26E9EBE2007FC2AA /* FailInfoViewController.swift in Sources */ = {isa = PBXBuildFile; fileRef = 220B260D26E9EBE2007FC2AA /* FailInfoViewController.swift */; };
		220B261026E9EBE2007FC2AA /* FailInfoViewController.xib in Resources */ = {isa = PBXBuildFile; fileRef = 220B260E26E9EBE2007FC2AA /* FailInfoViewController.xib */; };
		220B261526E9EC65007FC2AA /* SuccessInfoViewController.swift in Sources */ = {isa = PBXBuildFile; fileRef = 220B261326E9EC65007FC2AA /* SuccessInfoViewController.swift */; };
		220B261626E9EC65007FC2AA /* SuccessInfoViewController.xib in Resources */ = {isa = PBXBuildFile; fileRef = 220B261426E9EC65007FC2AA /* SuccessInfoViewController.xib */; };
		220B261926EEEF7D007FC2AA /* OrderDoneDetailViewController.swift in Sources */ = {isa = PBXBuildFile; fileRef = 220B261726EEEF7D007FC2AA /* OrderDoneDetailViewController.swift */; };
		220B261A26EEEF7D007FC2AA /* OrderDoneDetailViewController.xib in Resources */ = {isa = PBXBuildFile; fileRef = 220B261826EEEF7D007FC2AA /* OrderDoneDetailViewController.xib */; };
		220B261D2701B248007FC2AA /* VideoListTableViewCell.swift in Sources */ = {isa = PBXBuildFile; fileRef = 220B261B2701B248007FC2AA /* VideoListTableViewCell.swift */; };
		220B261E2701B248007FC2AA /* VideoListTableViewCell.xib in Resources */ = {isa = PBXBuildFile; fileRef = 220B261C2701B248007FC2AA /* VideoListTableViewCell.xib */; };
		220B26222702F8B7007FC2AA /* VideoTypeViewController.swift in Sources */ = {isa = PBXBuildFile; fileRef = 220B26202702F8B7007FC2AA /* VideoTypeViewController.swift */; };
		220B26232702F8B7007FC2AA /* VideoTypeViewController.xib in Resources */ = {isa = PBXBuildFile; fileRef = 220B26212702F8B7007FC2AA /* VideoTypeViewController.xib */; };
		220B26262703038B007FC2AA /* VideoListByTypeViewController.swift in Sources */ = {isa = PBXBuildFile; fileRef = 220B26242703038B007FC2AA /* VideoListByTypeViewController.swift */; };
		220B26272703038B007FC2AA /* VideoListByTypeViewController.xib in Resources */ = {isa = PBXBuildFile; fileRef = 220B26252703038B007FC2AA /* VideoListByTypeViewController.xib */; };
		220B262A270407B6007FC2AA /* VideoDetailViewController.swift in Sources */ = {isa = PBXBuildFile; fileRef = 220B2628270407B6007FC2AA /* VideoDetailViewController.swift */; };
		220B262B270407B6007FC2AA /* VideoDetailViewController.xib in Resources */ = {isa = PBXBuildFile; fileRef = 220B2629270407B6007FC2AA /* VideoDetailViewController.xib */; };
		2244F61326789586006754D6 /* ProductListViewController.swift in Sources */ = {isa = PBXBuildFile; fileRef = 2244F61126789586006754D6 /* ProductListViewController.swift */; };
		2244F61426789586006754D6 /* ProductListViewController.xib in Resources */ = {isa = PBXBuildFile; fileRef = 2244F61226789586006754D6 /* ProductListViewController.xib */; };
		2244F61726789606006754D6 /* ProductListTableViewCell.swift in Sources */ = {isa = PBXBuildFile; fileRef = 2244F61526789606006754D6 /* ProductListTableViewCell.swift */; };
		2244F61826789606006754D6 /* ProductListTableViewCell.xib in Resources */ = {isa = PBXBuildFile; fileRef = 2244F61626789606006754D6 /* ProductListTableViewCell.xib */; };
		2244F61B268039D3006754D6 /* ProductDetailViewController.swift in Sources */ = {isa = PBXBuildFile; fileRef = 2244F619268039D3006754D6 /* ProductDetailViewController.swift */; };
		2244F61C268039D3006754D6 /* ProductDetailViewController.xib in Resources */ = {isa = PBXBuildFile; fileRef = 2244F61A268039D3006754D6 /* ProductDetailViewController.xib */; };
		2244F6202682D10C006754D6 /* SWRevealViewController.m in Sources */ = {isa = PBXBuildFile; fileRef = 2244F61F2682D10A006754D6 /* SWRevealViewController.m */; };
		228BDD7B268C55B50080F843 /* DBSqliteHelper.framework in Frameworks */ = {isa = PBXBuildFile; fileRef = 228BDD7A268C55B50080F843 /* DBSqliteHelper.framework */; };
		228BDD80268C72C70080F843 /* shoppingCarTableViewCell.swift in Sources */ = {isa = PBXBuildFile; fileRef = 228BDD7E268C72C70080F843 /* shoppingCarTableViewCell.swift */; };
		228BDD81268C72C70080F843 /* shoppingCarTableViewCell.xib in Resources */ = {isa = PBXBuildFile; fileRef = 228BDD7F268C72C70080F843 /* shoppingCarTableViewCell.xib */; };
		228BDD84268EC22F0080F843 /* CheckoutViewController.swift in Sources */ = {isa = PBXBuildFile; fileRef = 228BDD82268EC22E0080F843 /* CheckoutViewController.swift */; };
		228BDD85268EC22F0080F843 /* CheckoutViewController.xib in Resources */ = {isa = PBXBuildFile; fileRef = 228BDD83268EC22E0080F843 /* CheckoutViewController.xib */; };
		228BDD88268F0FDD0080F843 /* CheckoutProductTableViewCell.swift in Sources */ = {isa = PBXBuildFile; fileRef = 228BDD86268F0FDD0080F843 /* CheckoutProductTableViewCell.swift */; };
		228BDD89268F0FDD0080F843 /* CheckoutProductTableViewCell.xib in Resources */ = {isa = PBXBuildFile; fileRef = 228BDD87268F0FDD0080F843 /* CheckoutProductTableViewCell.xib */; };
		228BDD8B26959A860080F843 /* VastarDataBase.db in Resources */ = {isa = PBXBuildFile; fileRef = 228BDD8A26959A860080F843 /* VastarDataBase.db */; };
		228BDD902696EED80080F843 /* ConfirmOrderViewController.swift in Sources */ = {isa = PBXBuildFile; fileRef = 228BDD8E2696EED80080F843 /* ConfirmOrderViewController.swift */; };
		228BDD912696EED80080F843 /* ConfirmOrderViewController.xib in Resources */ = {isa = PBXBuildFile; fileRef = 228BDD8F2696EED80080F843 /* ConfirmOrderViewController.xib */; };
		228BDD95269843460080F843 /* OrderListViewController.swift in Sources */ = {isa = PBXBuildFile; fileRef = 228BDD93269843450080F843 /* OrderListViewController.swift */; };
		228BDD96269843460080F843 /* OrderListViewController.xib in Resources */ = {isa = PBXBuildFile; fileRef = 228BDD94269843450080F843 /* OrderListViewController.xib */; };
		228BDD992698436F0080F843 /* OrderListTableViewCell.swift in Sources */ = {isa = PBXBuildFile; fileRef = 228BDD972698436F0080F843 /* OrderListTableViewCell.swift */; };
		228BDD9A2698436F0080F843 /* OrderListTableViewCell.xib in Resources */ = {isa = PBXBuildFile; fileRef = 228BDD982698436F0080F843 /* OrderListTableViewCell.xib */; };
		228BDD9D269AEE2F0080F843 /* OrderCreateDoneViewController.swift in Sources */ = {isa = PBXBuildFile; fileRef = 228BDD9B269AEE2E0080F843 /* OrderCreateDoneViewController.swift */; };
		228BDD9E269AEE2F0080F843 /* OrderCreateDoneViewController.xib in Resources */ = {isa = PBXBuildFile; fileRef = 228BDD9C269AEE2E0080F843 /* OrderCreateDoneViewController.xib */; };
		228BDDA1269D38A70080F843 /* OrderConfirmViewController.swift in Sources */ = {isa = PBXBuildFile; fileRef = 228BDD9F269D38A70080F843 /* OrderConfirmViewController.swift */; };
		228BDDA2269D38A70080F843 /* OrderConfirmViewController.xib in Resources */ = {isa = PBXBuildFile; fileRef = 228BDDA0269D38A70080F843 /* OrderConfirmViewController.xib */; };
		228BDDA526A15A1C0080F843 /* HistoryOrderDetailViewController.swift in Sources */ = {isa = PBXBuildFile; fileRef = 228BDDA326A15A180080F843 /* HistoryOrderDetailViewController.swift */; };
		228BDDA626A15A1C0080F843 /* HistoryOrderDetailViewController.xib in Resources */ = {isa = PBXBuildFile; fileRef = 228BDDA426A15A180080F843 /* HistoryOrderDetailViewController.xib */; };
		228C406126BA6724003AE590 /* CustomAlertView.swift in Sources */ = {isa = PBXBuildFile; fileRef = 228C406026BA6724003AE590 /* CustomAlertView.swift */; };
		228C406326BA6774003AE590 /* CustomAlertView.xib in Resources */ = {isa = PBXBuildFile; fileRef = 228C406226BA6774003AE590 /* CustomAlertView.xib */; };
		22A5184E2706F4520025C31D /* VideoProductListTableViewCell.swift in Sources */ = {isa = PBXBuildFile; fileRef = 22A5184C2706F4520025C31D /* VideoProductListTableViewCell.swift */; };
		22A5184F2706F4520025C31D /* VideoProductListTableViewCell.xib in Resources */ = {isa = PBXBuildFile; fileRef = 22A5184D2706F4520025C31D /* VideoProductListTableViewCell.xib */; };
		22F1C30E26648CF8003A1D5C /* AppDelegate.swift in Sources */ = {isa = PBXBuildFile; fileRef = 22F1C30D26648CF8003A1D5C /* AppDelegate.swift */; };
		22F1C31026648CF8003A1D5C /* SceneDelegate.swift in Sources */ = {isa = PBXBuildFile; fileRef = 22F1C30F26648CF8003A1D5C /* SceneDelegate.swift */; };
		22F1C31226648CF8003A1D5C /* ViewController.swift in Sources */ = {isa = PBXBuildFile; fileRef = 22F1C31126648CF8003A1D5C /* ViewController.swift */; };
		22F1C31526648CF8003A1D5C /* Main.storyboard in Resources */ = {isa = PBXBuildFile; fileRef = 22F1C31326648CF8003A1D5C /* Main.storyboard */; };
		22F1C31726648D01003A1D5C /* Assets.xcassets in Resources */ = {isa = PBXBuildFile; fileRef = 22F1C31626648D01003A1D5C /* Assets.xcassets */; };
		22F1C31A26648D01003A1D5C /* LaunchScreen.storyboard in Resources */ = {isa = PBXBuildFile; fileRef = 22F1C31826648D01003A1D5C /* LaunchScreen.storyboard */; };
		22F1C35C2664C7AC003A1D5C /* LoginViewController.swift in Sources */ = {isa = PBXBuildFile; fileRef = 22F1C35A2664C7AC003A1D5C /* LoginViewController.swift */; };
		22F1C35D2664C7AC003A1D5C /* LoginViewController.xib in Resources */ = {isa = PBXBuildFile; fileRef = 22F1C35B2664C7AC003A1D5C /* LoginViewController.xib */; };
		22F1C36C2664D152003A1D5C /* Localizable.strings in Resources */ = {isa = PBXBuildFile; fileRef = 22F1C36E2664D152003A1D5C /* Localizable.strings */; };
		22F1C3862665CB99003A1D5C /* RegisterViewController.swift in Sources */ = {isa = PBXBuildFile; fileRef = 22F1C3842665CB99003A1D5C /* RegisterViewController.swift */; };
		22F1C3872665CB99003A1D5C /* RegisterViewController.xib in Resources */ = {isa = PBXBuildFile; fileRef = 22F1C3852665CB99003A1D5C /* RegisterViewController.xib */; };
		22F1C38C2665CBCB003A1D5C /* ForgetPwViewController.swift in Sources */ = {isa = PBXBuildFile; fileRef = 22F1C38A2665CBCB003A1D5C /* ForgetPwViewController.swift */; };
		22F1C38D2665CBCB003A1D5C /* ForgetPwViewController.xib in Resources */ = {isa = PBXBuildFile; fileRef = 22F1C38B2665CBCB003A1D5C /* ForgetPwViewController.xib */; };
		22F1C39C26660FCC003A1D5C /* SMSideMenuViewController.swift in Sources */ = {isa = PBXBuildFile; fileRef = 22F1C39A26660FCC003A1D5C /* SMSideMenuViewController.swift */; };
		22F1C39D26660FCC003A1D5C /* SMSideMenuViewController.xib in Resources */ = {isa = PBXBuildFile; fileRef = 22F1C39B26660FCC003A1D5C /* SMSideMenuViewController.xib */; };
		22F1C3A1266613F7003A1D5C /* SideMenuTableViewCell.swift in Sources */ = {isa = PBXBuildFile; fileRef = 22F1C39F266613F7003A1D5C /* SideMenuTableViewCell.swift */; };
		22F1C3A2266613F7003A1D5C /* SideMenuTableViewCell.xib in Resources */ = {isa = PBXBuildFile; fileRef = 22F1C3A0266613F7003A1D5C /* SideMenuTableViewCell.xib */; };
		22F1C3A726661A34003A1D5C /* VideoViewController.swift in Sources */ = {isa = PBXBuildFile; fileRef = 22F1C3A526661A34003A1D5C /* VideoViewController.swift */; };
		22F1C3A826661A34003A1D5C /* VideoViewController.xib in Resources */ = {isa = PBXBuildFile; fileRef = 22F1C3A626661A34003A1D5C /* VideoViewController.xib */; };
		22F1C3D82668852D003A1D5C /* ProductViewController.swift in Sources */ = {isa = PBXBuildFile; fileRef = 22F1C3D62668852D003A1D5C /* ProductViewController.swift */; };
		22F1C3D92668852D003A1D5C /* ProductViewController.xib in Resources */ = {isa = PBXBuildFile; fileRef = 22F1C3D72668852D003A1D5C /* ProductViewController.xib */; };
		22F1C3E02668857B003A1D5C /* ShoppingCarViewController.swift in Sources */ = {isa = PBXBuildFile; fileRef = 22F1C3DE2668857B003A1D5C /* ShoppingCarViewController.swift */; };
		22F1C3E12668857B003A1D5C /* ShoppingCarViewController.xib in Resources */ = {isa = PBXBuildFile; fileRef = 22F1C3DF2668857B003A1D5C /* ShoppingCarViewController.xib */; };
		22F1C3EB266885F7003A1D5C /* HistoryOrderViewController.swift in Sources */ = {isa = PBXBuildFile; fileRef = 22F1C3E9266885F7003A1D5C /* HistoryOrderViewController.swift */; };
		22F1C3EC266885F7003A1D5C /* HistoryOrderViewController.xib in Resources */ = {isa = PBXBuildFile; fileRef = 22F1C3EA266885F7003A1D5C /* HistoryOrderViewController.xib */; };
		22F1C3F026688620003A1D5C /* MemberDataViewController.swift in Sources */ = {isa = PBXBuildFile; fileRef = 22F1C3EE26688620003A1D5C /* MemberDataViewController.swift */; };
		22F1C3F126688620003A1D5C /* MemberDataViewController.xib in Resources */ = {isa = PBXBuildFile; fileRef = 22F1C3EF26688620003A1D5C /* MemberDataViewController.xib */; };
		22F1C3F52668B44C003A1D5C /* CloudGatewayManager.swift in Sources */ = {isa = PBXBuildFile; fileRef = 22F1C3F42668B44C003A1D5C /* CloudGatewayManager.swift */; };
		22F1C3F82668B522003A1D5C /* VClient.swift in Sources */ = {isa = PBXBuildFile; fileRef = 22F1C3F72668B522003A1D5C /* VClient.swift */; };
		22F1C3FF2668BD44003A1D5C /* AppDefine.swift in Sources */ = {isa = PBXBuildFile; fileRef = 22F1C3FE2668BD44003A1D5C /* AppDefine.swift */; };
		22F1C4032668D1E8003A1D5C /* swiftMBProgressHUD.framework in Frameworks */ = {isa = PBXBuildFile; fileRef = 22F1C4022668D1E8003A1D5C /* swiftMBProgressHUD.framework */; };
		22F1C4082668DA83003A1D5C /* VActivityIndicatorView.swift in Sources */ = {isa = PBXBuildFile; fileRef = 22F1C4072668DA83003A1D5C /* VActivityIndicatorView.swift */; };
		22F1C40B2668DAA8003A1D5C /* VAlertView.swift in Sources */ = {isa = PBXBuildFile; fileRef = 22F1C40A2668DAA8003A1D5C /* VAlertView.swift */; };
		59BB5765C24B763600503843 /* Pods_Vastar.framework in Frameworks */ = {isa = PBXBuildFile; fileRef = 4D3F6B628888968EBF5FED1C /* Pods_Vastar.framework */; };
/* End PBXBuildFile section */

/* Begin PBXFileReference section */
		2203BBE0266DCD3C006986D2 /* ChangePwViewController.swift */ = {isa = PBXFileReference; lastKnownFileType = sourcecode.swift; path = ChangePwViewController.swift; sourceTree = "<group>"; };
		2203BBE1266DCD3C006986D2 /* ChangePwViewController.xib */ = {isa = PBXFileReference; lastKnownFileType = file.xib; path = ChangePwViewController.xib; sourceTree = "<group>"; };
		2203BBE52670947D006986D2 /* AppInfoManager.swift */ = {isa = PBXFileReference; lastKnownFileType = sourcecode.swift; path = AppInfoManager.swift; sourceTree = "<group>"; };
		2203BBE82670C3EE006986D2 /* CustomButton.swift */ = {isa = PBXFileReference; fileEncoding = 4; lastKnownFileType = sourcecode.swift; path = CustomButton.swift; sourceTree = "<group>"; };
		2203BBED26721043006986D2 /* RecipientAddView.swift */ = {isa = PBXFileReference; lastKnownFileType = sourcecode.swift; path = RecipientAddView.swift; sourceTree = "<group>"; };
		2203BBF02672106D006986D2 /* RecipientAddView.xib */ = {isa = PBXFileReference; lastKnownFileType = file.xib; path = RecipientAddView.xib; sourceTree = "<group>"; };
		2203BBF3267362BA006986D2 /* ReceiverTableViewCell.swift */ = {isa = PBXFileReference; lastKnownFileType = sourcecode.swift; path = ReceiverTableViewCell.swift; sourceTree = "<group>"; };
		2203BBF4267362BA006986D2 /* ReceiverTableViewCell.xib */ = {isa = PBXFileReference; lastKnownFileType = file.xib; path = ReceiverTableViewCell.xib; sourceTree = "<group>"; };
		220B260026BDA99C007FC2AA /* CustomAlertTwoBtnView.swift */ = {isa = PBXFileReference; lastKnownFileType = sourcecode.swift; path = CustomAlertTwoBtnView.swift; sourceTree = "<group>"; };
		220B260226BDAA04007FC2AA /* CustomAlertTwoBtnView.xib */ = {isa = PBXFileReference; lastKnownFileType = file.xib; path = CustomAlertTwoBtnView.xib; sourceTree = "<group>"; };
		220B260426E5AFEC007FC2AA /* stage-public.pem */ = {isa = PBXFileReference; fileEncoding = 4; lastKnownFileType = text; path = "stage-public.pem"; sourceTree = "<group>"; };
		220B260726E74758007FC2AA /* TransactionViewController.swift */ = {isa = PBXFileReference; lastKnownFileType = sourcecode.swift; path = TransactionViewController.swift; sourceTree = "<group>"; };
		220B260826E74758007FC2AA /* TransactionViewController.xib */ = {isa = PBXFileReference; lastKnownFileType = file.xib; path = TransactionViewController.xib; sourceTree = "<group>"; };
		220B260B26E9B424007FC2AA /* pub.pem */ = {isa = PBXFileReference; fileEncoding = 4; lastKnownFileType = text; path = pub.pem; sourceTree = "<group>"; };
		220B260D26E9EBE2007FC2AA /* FailInfoViewController.swift */ = {isa = PBXFileReference; lastKnownFileType = sourcecode.swift; path = FailInfoViewController.swift; sourceTree = "<group>"; };
		220B260E26E9EBE2007FC2AA /* FailInfoViewController.xib */ = {isa = PBXFileReference; lastKnownFileType = file.xib; path = FailInfoViewController.xib; sourceTree = "<group>"; };
		220B261326E9EC65007FC2AA /* SuccessInfoViewController.swift */ = {isa = PBXFileReference; lastKnownFileType = sourcecode.swift; path = SuccessInfoViewController.swift; sourceTree = "<group>"; };
		220B261426E9EC65007FC2AA /* SuccessInfoViewController.xib */ = {isa = PBXFileReference; lastKnownFileType = file.xib; path = SuccessInfoViewController.xib; sourceTree = "<group>"; };
		220B261726EEEF7D007FC2AA /* OrderDoneDetailViewController.swift */ = {isa = PBXFileReference; lastKnownFileType = sourcecode.swift; path = OrderDoneDetailViewController.swift; sourceTree = "<group>"; };
		220B261826EEEF7D007FC2AA /* OrderDoneDetailViewController.xib */ = {isa = PBXFileReference; lastKnownFileType = file.xib; path = OrderDoneDetailViewController.xib; sourceTree = "<group>"; };
		220B261B2701B248007FC2AA /* VideoListTableViewCell.swift */ = {isa = PBXFileReference; lastKnownFileType = sourcecode.swift; path = VideoListTableViewCell.swift; sourceTree = "<group>"; };
		220B261C2701B248007FC2AA /* VideoListTableViewCell.xib */ = {isa = PBXFileReference; lastKnownFileType = file.xib; path = VideoListTableViewCell.xib; sourceTree = "<group>"; };
		220B26202702F8B7007FC2AA /* VideoTypeViewController.swift */ = {isa = PBXFileReference; lastKnownFileType = sourcecode.swift; path = VideoTypeViewController.swift; sourceTree = "<group>"; };
		220B26212702F8B7007FC2AA /* VideoTypeViewController.xib */ = {isa = PBXFileReference; lastKnownFileType = file.xib; path = VideoTypeViewController.xib; sourceTree = "<group>"; };
		220B26242703038B007FC2AA /* VideoListByTypeViewController.swift */ = {isa = PBXFileReference; lastKnownFileType = sourcecode.swift; path = VideoListByTypeViewController.swift; sourceTree = "<group>"; };
		220B26252703038B007FC2AA /* VideoListByTypeViewController.xib */ = {isa = PBXFileReference; lastKnownFileType = file.xib; path = VideoListByTypeViewController.xib; sourceTree = "<group>"; };
		220B2628270407B6007FC2AA /* VideoDetailViewController.swift */ = {isa = PBXFileReference; lastKnownFileType = sourcecode.swift; path = VideoDetailViewController.swift; sourceTree = "<group>"; };
		220B2629270407B6007FC2AA /* VideoDetailViewController.xib */ = {isa = PBXFileReference; lastKnownFileType = file.xib; path = VideoDetailViewController.xib; sourceTree = "<group>"; };
		2244F61126789586006754D6 /* ProductListViewController.swift */ = {isa = PBXFileReference; lastKnownFileType = sourcecode.swift; path = ProductListViewController.swift; sourceTree = "<group>"; };
		2244F61226789586006754D6 /* ProductListViewController.xib */ = {isa = PBXFileReference; lastKnownFileType = file.xib; path = ProductListViewController.xib; sourceTree = "<group>"; };
		2244F61526789606006754D6 /* ProductListTableViewCell.swift */ = {isa = PBXFileReference; lastKnownFileType = sourcecode.swift; path = ProductListTableViewCell.swift; sourceTree = "<group>"; };
		2244F61626789606006754D6 /* ProductListTableViewCell.xib */ = {isa = PBXFileReference; lastKnownFileType = file.xib; path = ProductListTableViewCell.xib; sourceTree = "<group>"; };
		2244F619268039D3006754D6 /* ProductDetailViewController.swift */ = {isa = PBXFileReference; lastKnownFileType = sourcecode.swift; path = ProductDetailViewController.swift; sourceTree = "<group>"; };
		2244F61A268039D3006754D6 /* ProductDetailViewController.xib */ = {isa = PBXFileReference; lastKnownFileType = file.xib; path = ProductDetailViewController.xib; sourceTree = "<group>"; };
		2244F61E2682D10A006754D6 /* SWRevealViewController.h */ = {isa = PBXFileReference; fileEncoding = 4; lastKnownFileType = sourcecode.c.h; path = SWRevealViewController.h; sourceTree = "<group>"; };
		2244F61F2682D10A006754D6 /* SWRevealViewController.m */ = {isa = PBXFileReference; fileEncoding = 4; lastKnownFileType = sourcecode.c.objc; path = SWRevealViewController.m; sourceTree = "<group>"; };
		228BDD7A268C55B50080F843 /* DBSqliteHelper.framework */ = {isa = PBXFileReference; lastKnownFileType = wrapper.framework; path = DBSqliteHelper.framework; sourceTree = "<group>"; };
		228BDD7E268C72C70080F843 /* shoppingCarTableViewCell.swift */ = {isa = PBXFileReference; lastKnownFileType = sourcecode.swift; path = shoppingCarTableViewCell.swift; sourceTree = "<group>"; };
		228BDD7F268C72C70080F843 /* shoppingCarTableViewCell.xib */ = {isa = PBXFileReference; lastKnownFileType = file.xib; path = shoppingCarTableViewCell.xib; sourceTree = "<group>"; };
		228BDD82268EC22E0080F843 /* CheckoutViewController.swift */ = {isa = PBXFileReference; lastKnownFileType = sourcecode.swift; path = CheckoutViewController.swift; sourceTree = "<group>"; };
		228BDD83268EC22E0080F843 /* CheckoutViewController.xib */ = {isa = PBXFileReference; lastKnownFileType = file.xib; path = CheckoutViewController.xib; sourceTree = "<group>"; };
		228BDD86268F0FDD0080F843 /* CheckoutProductTableViewCell.swift */ = {isa = PBXFileReference; lastKnownFileType = sourcecode.swift; path = CheckoutProductTableViewCell.swift; sourceTree = "<group>"; };
		228BDD87268F0FDD0080F843 /* CheckoutProductTableViewCell.xib */ = {isa = PBXFileReference; lastKnownFileType = file.xib; path = CheckoutProductTableViewCell.xib; sourceTree = "<group>"; };
		228BDD8A26959A860080F843 /* VastarDataBase.db */ = {isa = PBXFileReference; lastKnownFileType = file; path = VastarDataBase.db; sourceTree = "<group>"; };
		228BDD8E2696EED80080F843 /* ConfirmOrderViewController.swift */ = {isa = PBXFileReference; lastKnownFileType = sourcecode.swift; path = ConfirmOrderViewController.swift; sourceTree = "<group>"; };
		228BDD8F2696EED80080F843 /* ConfirmOrderViewController.xib */ = {isa = PBXFileReference; lastKnownFileType = file.xib; path = ConfirmOrderViewController.xib; sourceTree = "<group>"; };
		228BDD93269843450080F843 /* OrderListViewController.swift */ = {isa = PBXFileReference; lastKnownFileType = sourcecode.swift; path = OrderListViewController.swift; sourceTree = "<group>"; };
		228BDD94269843450080F843 /* OrderListViewController.xib */ = {isa = PBXFileReference; lastKnownFileType = file.xib; path = OrderListViewController.xib; sourceTree = "<group>"; };
		228BDD972698436F0080F843 /* OrderListTableViewCell.swift */ = {isa = PBXFileReference; lastKnownFileType = sourcecode.swift; path = OrderListTableViewCell.swift; sourceTree = "<group>"; };
		228BDD982698436F0080F843 /* OrderListTableViewCell.xib */ = {isa = PBXFileReference; lastKnownFileType = file.xib; path = OrderListTableViewCell.xib; sourceTree = "<group>"; };
		228BDD9B269AEE2E0080F843 /* OrderCreateDoneViewController.swift */ = {isa = PBXFileReference; lastKnownFileType = sourcecode.swift; path = OrderCreateDoneViewController.swift; sourceTree = "<group>"; };
		228BDD9C269AEE2E0080F843 /* OrderCreateDoneViewController.xib */ = {isa = PBXFileReference; lastKnownFileType = file.xib; path = OrderCreateDoneViewController.xib; sourceTree = "<group>"; };
		228BDD9F269D38A70080F843 /* OrderConfirmViewController.swift */ = {isa = PBXFileReference; lastKnownFileType = sourcecode.swift; path = OrderConfirmViewController.swift; sourceTree = "<group>"; };
		228BDDA0269D38A70080F843 /* OrderConfirmViewController.xib */ = {isa = PBXFileReference; lastKnownFileType = file.xib; path = OrderConfirmViewController.xib; sourceTree = "<group>"; };
		228BDDA326A15A180080F843 /* HistoryOrderDetailViewController.swift */ = {isa = PBXFileReference; lastKnownFileType = sourcecode.swift; path = HistoryOrderDetailViewController.swift; sourceTree = "<group>"; };
		228BDDA426A15A180080F843 /* HistoryOrderDetailViewController.xib */ = {isa = PBXFileReference; lastKnownFileType = file.xib; path = HistoryOrderDetailViewController.xib; sourceTree = "<group>"; };
		228C406026BA6724003AE590 /* CustomAlertView.swift */ = {isa = PBXFileReference; lastKnownFileType = sourcecode.swift; path = CustomAlertView.swift; sourceTree = "<group>"; };
		228C406226BA6774003AE590 /* CustomAlertView.xib */ = {isa = PBXFileReference; lastKnownFileType = file.xib; path = CustomAlertView.xib; sourceTree = "<group>"; };
		22A5184C2706F4520025C31D /* VideoProductListTableViewCell.swift */ = {isa = PBXFileReference; lastKnownFileType = sourcecode.swift; path = VideoProductListTableViewCell.swift; sourceTree = "<group>"; };
		22A5184D2706F4520025C31D /* VideoProductListTableViewCell.xib */ = {isa = PBXFileReference; lastKnownFileType = file.xib; path = VideoProductListTableViewCell.xib; sourceTree = "<group>"; };
		22F1C30A26648CF7003A1D5C /* Vastar.app */ = {isa = PBXFileReference; explicitFileType = wrapper.application; includeInIndex = 0; path = Vastar.app; sourceTree = BUILT_PRODUCTS_DIR; };
		22F1C30D26648CF8003A1D5C /* AppDelegate.swift */ = {isa = PBXFileReference; lastKnownFileType = sourcecode.swift; path = AppDelegate.swift; sourceTree = "<group>"; };
		22F1C30F26648CF8003A1D5C /* SceneDelegate.swift */ = {isa = PBXFileReference; lastKnownFileType = sourcecode.swift; path = SceneDelegate.swift; sourceTree = "<group>"; };
		22F1C31126648CF8003A1D5C /* ViewController.swift */ = {isa = PBXFileReference; lastKnownFileType = sourcecode.swift; path = ViewController.swift; sourceTree = "<group>"; };
		22F1C31426648CF8003A1D5C /* Base */ = {isa = PBXFileReference; lastKnownFileType = file.storyboard; name = Base; path = Base.lproj/Main.storyboard; sourceTree = "<group>"; };
		22F1C31626648D01003A1D5C /* Assets.xcassets */ = {isa = PBXFileReference; lastKnownFileType = folder.assetcatalog; path = Assets.xcassets; sourceTree = "<group>"; };
		22F1C31926648D01003A1D5C /* Base */ = {isa = PBXFileReference; lastKnownFileType = file.storyboard; name = Base; path = Base.lproj/LaunchScreen.storyboard; sourceTree = "<group>"; };
		22F1C31B26648D01003A1D5C /* Info.plist */ = {isa = PBXFileReference; lastKnownFileType = text.plist.xml; path = Info.plist; sourceTree = "<group>"; };
		22F1C35A2664C7AC003A1D5C /* LoginViewController.swift */ = {isa = PBXFileReference; lastKnownFileType = sourcecode.swift; path = LoginViewController.swift; sourceTree = "<group>"; };
		22F1C35B2664C7AC003A1D5C /* LoginViewController.xib */ = {isa = PBXFileReference; lastKnownFileType = file.xib; path = LoginViewController.xib; sourceTree = "<group>"; };
		22F1C3642664D090003A1D5C /* zh-Hant */ = {isa = PBXFileReference; lastKnownFileType = text.plist.strings; name = "zh-Hant"; path = "zh-Hant.lproj/Main.strings"; sourceTree = "<group>"; };
		22F1C3652664D090003A1D5C /* zh-Hant */ = {isa = PBXFileReference; lastKnownFileType = text.plist.strings; name = "zh-Hant"; path = "zh-Hant.lproj/LaunchScreen.strings"; sourceTree = "<group>"; };
		22F1C36D2664D152003A1D5C /* en */ = {isa = PBXFileReference; lastKnownFileType = text.plist.strings; name = en; path = en.lproj/Localizable.strings; sourceTree = "<group>"; };
		22F1C3702664D158003A1D5C /* zh-Hant */ = {isa = PBXFileReference; lastKnownFileType = text.plist.strings; name = "zh-Hant"; path = "zh-Hant.lproj/Localizable.strings"; sourceTree = "<group>"; };
		22F1C3842665CB99003A1D5C /* RegisterViewController.swift */ = {isa = PBXFileReference; lastKnownFileType = sourcecode.swift; path = RegisterViewController.swift; sourceTree = "<group>"; };
		22F1C3852665CB99003A1D5C /* RegisterViewController.xib */ = {isa = PBXFileReference; lastKnownFileType = file.xib; path = RegisterViewController.xib; sourceTree = "<group>"; };
		22F1C38A2665CBCB003A1D5C /* ForgetPwViewController.swift */ = {isa = PBXFileReference; lastKnownFileType = sourcecode.swift; path = ForgetPwViewController.swift; sourceTree = "<group>"; };
		22F1C38B2665CBCB003A1D5C /* ForgetPwViewController.xib */ = {isa = PBXFileReference; lastKnownFileType = file.xib; path = ForgetPwViewController.xib; sourceTree = "<group>"; };
		22F1C39A26660FCC003A1D5C /* SMSideMenuViewController.swift */ = {isa = PBXFileReference; lastKnownFileType = sourcecode.swift; path = SMSideMenuViewController.swift; sourceTree = "<group>"; };
		22F1C39B26660FCC003A1D5C /* SMSideMenuViewController.xib */ = {isa = PBXFileReference; lastKnownFileType = file.xib; path = SMSideMenuViewController.xib; sourceTree = "<group>"; };
		22F1C39F266613F7003A1D5C /* SideMenuTableViewCell.swift */ = {isa = PBXFileReference; lastKnownFileType = sourcecode.swift; path = SideMenuTableViewCell.swift; sourceTree = "<group>"; };
		22F1C3A0266613F7003A1D5C /* SideMenuTableViewCell.xib */ = {isa = PBXFileReference; lastKnownFileType = file.xib; path = SideMenuTableViewCell.xib; sourceTree = "<group>"; };
		22F1C3A526661A34003A1D5C /* VideoViewController.swift */ = {isa = PBXFileReference; lastKnownFileType = sourcecode.swift; path = VideoViewController.swift; sourceTree = "<group>"; };
		22F1C3A626661A34003A1D5C /* VideoViewController.xib */ = {isa = PBXFileReference; lastKnownFileType = file.xib; path = VideoViewController.xib; sourceTree = "<group>"; };
		22F1C3D62668852D003A1D5C /* ProductViewController.swift */ = {isa = PBXFileReference; lastKnownFileType = sourcecode.swift; path = ProductViewController.swift; sourceTree = "<group>"; };
		22F1C3D72668852D003A1D5C /* ProductViewController.xib */ = {isa = PBXFileReference; lastKnownFileType = file.xib; path = ProductViewController.xib; sourceTree = "<group>"; };
		22F1C3DE2668857B003A1D5C /* ShoppingCarViewController.swift */ = {isa = PBXFileReference; lastKnownFileType = sourcecode.swift; path = ShoppingCarViewController.swift; sourceTree = "<group>"; };
		22F1C3DF2668857B003A1D5C /* ShoppingCarViewController.xib */ = {isa = PBXFileReference; lastKnownFileType = file.xib; path = ShoppingCarViewController.xib; sourceTree = "<group>"; };
		22F1C3E9266885F7003A1D5C /* HistoryOrderViewController.swift */ = {isa = PBXFileReference; lastKnownFileType = sourcecode.swift; path = HistoryOrderViewController.swift; sourceTree = "<group>"; };
		22F1C3EA266885F7003A1D5C /* HistoryOrderViewController.xib */ = {isa = PBXFileReference; lastKnownFileType = file.xib; path = HistoryOrderViewController.xib; sourceTree = "<group>"; };
		22F1C3EE26688620003A1D5C /* MemberDataViewController.swift */ = {isa = PBXFileReference; lastKnownFileType = sourcecode.swift; path = MemberDataViewController.swift; sourceTree = "<group>"; };
		22F1C3EF26688620003A1D5C /* MemberDataViewController.xib */ = {isa = PBXFileReference; lastKnownFileType = file.xib; path = MemberDataViewController.xib; sourceTree = "<group>"; };
		22F1C3F42668B44C003A1D5C /* CloudGatewayManager.swift */ = {isa = PBXFileReference; lastKnownFileType = sourcecode.swift; path = CloudGatewayManager.swift; sourceTree = "<group>"; };
		22F1C3F72668B522003A1D5C /* VClient.swift */ = {isa = PBXFileReference; lastKnownFileType = sourcecode.swift; path = VClient.swift; sourceTree = "<group>"; };
		22F1C3FE2668BD44003A1D5C /* AppDefine.swift */ = {isa = PBXFileReference; lastKnownFileType = sourcecode.swift; path = AppDefine.swift; sourceTree = "<group>"; };
		22F1C4022668D1E8003A1D5C /* swiftMBProgressHUD.framework */ = {isa = PBXFileReference; lastKnownFileType = wrapper.framework; path = swiftMBProgressHUD.framework; sourceTree = "<group>"; };
		22F1C4052668D219003A1D5C /* Vastar-Bridging-Header.h */ = {isa = PBXFileReference; lastKnownFileType = sourcecode.c.h; path = "Vastar-Bridging-Header.h"; sourceTree = "<group>"; };
		22F1C4072668DA83003A1D5C /* VActivityIndicatorView.swift */ = {isa = PBXFileReference; lastKnownFileType = sourcecode.swift; path = VActivityIndicatorView.swift; sourceTree = "<group>"; };
		22F1C40A2668DAA8003A1D5C /* VAlertView.swift */ = {isa = PBXFileReference; lastKnownFileType = sourcecode.swift; path = VAlertView.swift; sourceTree = "<group>"; };
		4D3F6B628888968EBF5FED1C /* Pods_Vastar.framework */ = {isa = PBXFileReference; explicitFileType = wrapper.framework; includeInIndex = 0; path = Pods_Vastar.framework; sourceTree = BUILT_PRODUCTS_DIR; };
		712042D70D1373F3119BDA1B /* Pods-Vastar.release.xcconfig */ = {isa = PBXFileReference; includeInIndex = 1; lastKnownFileType = text.xcconfig; name = "Pods-Vastar.release.xcconfig"; path = "Target Support Files/Pods-Vastar/Pods-Vastar.release.xcconfig"; sourceTree = "<group>"; };
		AA7D015424682E86B089ECA9 /* Pods-Vastar.debug.xcconfig */ = {isa = PBXFileReference; includeInIndex = 1; lastKnownFileType = text.xcconfig; name = "Pods-Vastar.debug.xcconfig"; path = "Target Support Files/Pods-Vastar/Pods-Vastar.debug.xcconfig"; sourceTree = "<group>"; };
/* End PBXFileReference section */

/* Begin PBXFrameworksBuildPhase section */
		22F1C30726648CF7003A1D5C /* Frameworks */ = {
			isa = PBXFrameworksBuildPhase;
			buildActionMask = 2147483647;
			files = (
				22F1C4032668D1E8003A1D5C /* swiftMBProgressHUD.framework in Frameworks */,
				59BB5765C24B763600503843 /* Pods_Vastar.framework in Frameworks */,
				228BDD7B268C55B50080F843 /* DBSqliteHelper.framework in Frameworks */,
			);
			runOnlyForDeploymentPostprocessing = 0;
		};
/* End PBXFrameworksBuildPhase section */

/* Begin PBXGroup section */
		220B260626E73AF3007FC2AA /* Pay */ = {
			isa = PBXGroup;
			children = (
				220B260726E74758007FC2AA /* TransactionViewController.swift */,
				220B260826E74758007FC2AA /* TransactionViewController.xib */,
				220B260D26E9EBE2007FC2AA /* FailInfoViewController.swift */,
				220B260E26E9EBE2007FC2AA /* FailInfoViewController.xib */,
				220B261326E9EC65007FC2AA /* SuccessInfoViewController.swift */,
				220B261426E9EC65007FC2AA /* SuccessInfoViewController.xib */,
			);
			path = Pay;
			sourceTree = "<group>";
		};
		220B261F2702F87D007FC2AA /* Video */ = {
			isa = PBXGroup;
			children = (
				220B26202702F8B7007FC2AA /* VideoTypeViewController.swift */,
				220B26212702F8B7007FC2AA /* VideoTypeViewController.xib */,
				220B26242703038B007FC2AA /* VideoListByTypeViewController.swift */,
				220B26252703038B007FC2AA /* VideoListByTypeViewController.xib */,
				220B2628270407B6007FC2AA /* VideoDetailViewController.swift */,
				220B2629270407B6007FC2AA /* VideoDetailViewController.xib */,
			);
			path = Video;
			sourceTree = "<group>";
		};
		2244F61026789458006754D6 /* SubPage */ = {
			isa = PBXGroup;
			children = (
				220B261F2702F87D007FC2AA /* Video */,
				220B260626E73AF3007FC2AA /* Pay */,
				228BDD9226983C760080F843 /* Order */,
				228BDD8C2696EA810080F843 /* Product */,
				228BDD8D2696EDE10080F843 /* ShoppingCar */,
			);
			path = SubPage;
			sourceTree = "<group>";
		};
		2244F61D2682CFFD006754D6 /* SWRevealViewController */ = {
			isa = PBXGroup;
			children = (
				2244F61E2682D10A006754D6 /* SWRevealViewController.h */,
				2244F61F2682D10A006754D6 /* SWRevealViewController.m */,
			);
			path = SWRevealViewController;
			sourceTree = "<group>";
		};
		228BDD8C2696EA810080F843 /* Product */ = {
			isa = PBXGroup;
			children = (
				2244F61126789586006754D6 /* ProductListViewController.swift */,
				2244F61226789586006754D6 /* ProductListViewController.xib */,
				2244F619268039D3006754D6 /* ProductDetailViewController.swift */,
				2244F61A268039D3006754D6 /* ProductDetailViewController.xib */,
			);
			path = Product;
			sourceTree = "<group>";
		};
		228BDD8D2696EDE10080F843 /* ShoppingCar */ = {
			isa = PBXGroup;
			children = (
				228BDD82268EC22E0080F843 /* CheckoutViewController.swift */,
				228BDD83268EC22E0080F843 /* CheckoutViewController.xib */,
				228BDD8E2696EED80080F843 /* ConfirmOrderViewController.swift */,
				228BDD8F2696EED80080F843 /* ConfirmOrderViewController.xib */,
			);
			path = ShoppingCar;
			sourceTree = "<group>";
		};
		228BDD9226983C760080F843 /* Order */ = {
			isa = PBXGroup;
			children = (
				228BDD9B269AEE2E0080F843 /* OrderCreateDoneViewController.swift */,
				228BDD9C269AEE2E0080F843 /* OrderCreateDoneViewController.xib */,
				228BDD9F269D38A70080F843 /* OrderConfirmViewController.swift */,
				228BDDA0269D38A70080F843 /* OrderConfirmViewController.xib */,
				220B261726EEEF7D007FC2AA /* OrderDoneDetailViewController.swift */,
				220B261826EEEF7D007FC2AA /* OrderDoneDetailViewController.xib */,
				228BDDA326A15A180080F843 /* HistoryOrderDetailViewController.swift */,
				228BDDA426A15A180080F843 /* HistoryOrderDetailViewController.xib */,
			);
			path = Order;
			sourceTree = "<group>";
		};
		22F1C30126648CF7003A1D5C = {
			isa = PBXGroup;
			children = (
				22F1C4052668D219003A1D5C /* Vastar-Bridging-Header.h */,
				228BDD8A26959A860080F843 /* VastarDataBase.db */,
				220B260426E5AFEC007FC2AA /* stage-public.pem */,
				220B260B26E9B424007FC2AA /* pub.pem */,
				22F1C30C26648CF7003A1D5C /* Vastar */,
				22F1C30B26648CF7003A1D5C /* Products */,
				8463F18985A4874208FC738A /* Pods */,
				4F478BFC4CD209678CBA066D /* Frameworks */,
			);
			sourceTree = "<group>";
		};
		22F1C30B26648CF7003A1D5C /* Products */ = {
			isa = PBXGroup;
			children = (
				22F1C30A26648CF7003A1D5C /* Vastar.app */,
			);
			name = Products;
			sourceTree = "<group>";
		};
		22F1C30C26648CF7003A1D5C /* Vastar */ = {
			isa = PBXGroup;
			children = (
				22F1C3FE2668BD44003A1D5C /* AppDefine.swift */,
				2203BBE52670947D006986D2 /* AppInfoManager.swift */,
				22F1C39126660E1D003A1D5C /* Components */,
				22F1C3532664C58F003A1D5C /* Login */,
				22F1C3A4266619FA003A1D5C /* SideBar */,
				22F1C30D26648CF8003A1D5C /* AppDelegate.swift */,
				22F1C30F26648CF8003A1D5C /* SceneDelegate.swift */,
				22F1C31126648CF8003A1D5C /* ViewController.swift */,
				22F1C31326648CF8003A1D5C /* Main.storyboard */,
				22F1C31626648D01003A1D5C /* Assets.xcassets */,
				22F1C31826648D01003A1D5C /* LaunchScreen.storyboard */,
				22F1C31B26648D01003A1D5C /* Info.plist */,
				22F1C36E2664D152003A1D5C /* Localizable.strings */,
			);
			path = Vastar;
			sourceTree = "<group>";
		};
		22F1C3532664C58F003A1D5C /* Login */ = {
			isa = PBXGroup;
			children = (
				22F1C35A2664C7AC003A1D5C /* LoginViewController.swift */,
				22F1C35B2664C7AC003A1D5C /* LoginViewController.xib */,
				22F1C3842665CB99003A1D5C /* RegisterViewController.swift */,
				22F1C3852665CB99003A1D5C /* RegisterViewController.xib */,
				22F1C38A2665CBCB003A1D5C /* ForgetPwViewController.swift */,
				22F1C38B2665CBCB003A1D5C /* ForgetPwViewController.xib */,
			);
			path = Login;
			sourceTree = "<group>";
		};
		22F1C39126660E1D003A1D5C /* Components */ = {
			isa = PBXGroup;
			children = (
				2244F61D2682CFFD006754D6 /* SWRevealViewController */,
				22F1C4022668D1E8003A1D5C /* swiftMBProgressHUD.framework */,
				228BDD7A268C55B50080F843 /* DBSqliteHelper.framework */,
				22F1C3F32668B41B003A1D5C /* VClient */,
				22F1C39326660F17003A1D5C /* TableViewCell */,
				22F1C39226660EFE003A1D5C /* SideMenu */,
				22F1C4072668DA83003A1D5C /* VActivityIndicatorView.swift */,
				22F1C40A2668DAA8003A1D5C /* VAlertView.swift */,
				2203BBE82670C3EE006986D2 /* CustomButton.swift */,
				228C406026BA6724003AE590 /* CustomAlertView.swift */,
				228C406226BA6774003AE590 /* CustomAlertView.xib */,
				220B260026BDA99C007FC2AA /* CustomAlertTwoBtnView.swift */,
				220B260226BDAA04007FC2AA /* CustomAlertTwoBtnView.xib */,
			);
			path = Components;
			sourceTree = "<group>";
		};
		22F1C39226660EFE003A1D5C /* SideMenu */ = {
			isa = PBXGroup;
			children = (
				22F1C39A26660FCC003A1D5C /* SMSideMenuViewController.swift */,
				22F1C39B26660FCC003A1D5C /* SMSideMenuViewController.xib */,
			);
			path = SideMenu;
			sourceTree = "<group>";
		};
		22F1C39326660F17003A1D5C /* TableViewCell */ = {
			isa = PBXGroup;
			children = (
				22F1C39F266613F7003A1D5C /* SideMenuTableViewCell.swift */,
				22F1C3A0266613F7003A1D5C /* SideMenuTableViewCell.xib */,
				2203BBF3267362BA006986D2 /* ReceiverTableViewCell.swift */,
				2203BBF4267362BA006986D2 /* ReceiverTableViewCell.xib */,
				2244F61526789606006754D6 /* ProductListTableViewCell.swift */,
				2244F61626789606006754D6 /* ProductListTableViewCell.xib */,
				228BDD7E268C72C70080F843 /* shoppingCarTableViewCell.swift */,
				228BDD7F268C72C70080F843 /* shoppingCarTableViewCell.xib */,
				228BDD86268F0FDD0080F843 /* CheckoutProductTableViewCell.swift */,
				228BDD87268F0FDD0080F843 /* CheckoutProductTableViewCell.xib */,
				228BDD972698436F0080F843 /* OrderListTableViewCell.swift */,
				228BDD982698436F0080F843 /* OrderListTableViewCell.xib */,
				220B261B2701B248007FC2AA /* VideoListTableViewCell.swift */,
				220B261C2701B248007FC2AA /* VideoListTableViewCell.xib */,
				22A5184C2706F4520025C31D /* VideoProductListTableViewCell.swift */,
				22A5184D2706F4520025C31D /* VideoProductListTableViewCell.xib */,
			);
			path = TableViewCell;
			sourceTree = "<group>";
		};
		22F1C3A4266619FA003A1D5C /* SideBar */ = {
			isa = PBXGroup;
			children = (
				22F1C3A526661A34003A1D5C /* VideoViewController.swift */,
				22F1C3A626661A34003A1D5C /* VideoViewController.xib */,
				22F1C3D62668852D003A1D5C /* ProductViewController.swift */,
				22F1C3D72668852D003A1D5C /* ProductViewController.xib */,
				22F1C3DE2668857B003A1D5C /* ShoppingCarViewController.swift */,
				22F1C3DF2668857B003A1D5C /* ShoppingCarViewController.xib */,
				228BDD93269843450080F843 /* OrderListViewController.swift */,
				228BDD94269843450080F843 /* OrderListViewController.xib */,
				22F1C3E9266885F7003A1D5C /* HistoryOrderViewController.swift */,
				22F1C3EA266885F7003A1D5C /* HistoryOrderViewController.xib */,
				22F1C3EE26688620003A1D5C /* MemberDataViewController.swift */,
				22F1C3EF26688620003A1D5C /* MemberDataViewController.xib */,
				2203BBED26721043006986D2 /* RecipientAddView.swift */,
				2203BBF02672106D006986D2 /* RecipientAddView.xib */,
				2203BBE0266DCD3C006986D2 /* ChangePwViewController.swift */,
				2203BBE1266DCD3C006986D2 /* ChangePwViewController.xib */,
				2244F61026789458006754D6 /* SubPage */,
			);
			path = SideBar;
			sourceTree = "<group>";
		};
		22F1C3F32668B41B003A1D5C /* VClient */ = {
			isa = PBXGroup;
			children = (
				22F1C3F42668B44C003A1D5C /* CloudGatewayManager.swift */,
				22F1C3F72668B522003A1D5C /* VClient.swift */,
			);
			path = VClient;
			sourceTree = "<group>";
		};
		4F478BFC4CD209678CBA066D /* Frameworks */ = {
			isa = PBXGroup;
			children = (
				4D3F6B628888968EBF5FED1C /* Pods_Vastar.framework */,
			);
			name = Frameworks;
			sourceTree = "<group>";
		};
		8463F18985A4874208FC738A /* Pods */ = {
			isa = PBXGroup;
			children = (
				AA7D015424682E86B089ECA9 /* Pods-Vastar.debug.xcconfig */,
				712042D70D1373F3119BDA1B /* Pods-Vastar.release.xcconfig */,
			);
			path = Pods;
			sourceTree = "<group>";
		};
/* End PBXGroup section */

/* Begin PBXNativeTarget section */
		22F1C30926648CF7003A1D5C /* Vastar */ = {
			isa = PBXNativeTarget;
			buildConfigurationList = 22F1C31E26648D01003A1D5C /* Build configuration list for PBXNativeTarget "Vastar" */;
			buildPhases = (
				841F28E2DCA9609F84187FF1 /* [CP] Check Pods Manifest.lock */,
				22F1C30626648CF7003A1D5C /* Sources */,
				22F1C30726648CF7003A1D5C /* Frameworks */,
				22F1C30826648CF7003A1D5C /* Resources */,
				5B9C1A89B155981CF0FEABAA /* [CP] Embed Pods Frameworks */,
			);
			buildRules = (
			);
			dependencies = (
			);
			name = Vastar;
			productName = Vastar;
			productReference = 22F1C30A26648CF7003A1D5C /* Vastar.app */;
			productType = "com.apple.product-type.application";
		};
/* End PBXNativeTarget section */

/* Begin PBXProject section */
		22F1C30226648CF7003A1D5C /* Project object */ = {
			isa = PBXProject;
			attributes = {
				LastSwiftUpdateCheck = 1230;
				LastUpgradeCheck = 1230;
				TargetAttributes = {
					22F1C30926648CF7003A1D5C = {
						CreatedOnToolsVersion = 12.3;
					};
				};
			};
			buildConfigurationList = 22F1C30526648CF7003A1D5C /* Build configuration list for PBXProject "Vastar" */;
			compatibilityVersion = "Xcode 9.3";
			developmentRegion = en;
			hasScannedForEncodings = 0;
			knownRegions = (
				en,
				Base,
				"zh-Hant",
			);
			mainGroup = 22F1C30126648CF7003A1D5C;
			productRefGroup = 22F1C30B26648CF7003A1D5C /* Products */;
			projectDirPath = "";
			projectRoot = "";
			targets = (
				22F1C30926648CF7003A1D5C /* Vastar */,
			);
		};
/* End PBXProject section */

/* Begin PBXResourcesBuildPhase section */
		22F1C30826648CF7003A1D5C /* Resources */ = {
			isa = PBXResourcesBuildPhase;
			buildActionMask = 2147483647;
			files = (
				22F1C39D26660FCC003A1D5C /* SMSideMenuViewController.xib in Resources */,
				228BDD9E269AEE2F0080F843 /* OrderCreateDoneViewController.xib in Resources */,
				22F1C3A2266613F7003A1D5C /* SideMenuTableViewCell.xib in Resources */,
				22F1C35D2664C7AC003A1D5C /* LoginViewController.xib in Resources */,
				220B26232702F8B7007FC2AA /* VideoTypeViewController.xib in Resources */,
				22F1C3E12668857B003A1D5C /* ShoppingCarViewController.xib in Resources */,
				22F1C38D2665CBCB003A1D5C /* ForgetPwViewController.xib in Resources */,
				220B261026E9EBE2007FC2AA /* FailInfoViewController.xib in Resources */,
				220B260526E5AFED007FC2AA /* stage-public.pem in Resources */,
				22F1C31A26648D01003A1D5C /* LaunchScreen.storyboard in Resources */,
				228BDD96269843460080F843 /* OrderListViewController.xib in Resources */,
				220B261A26EEEF7D007FC2AA /* OrderDoneDetailViewController.xib in Resources */,
				228BDD89268F0FDD0080F843 /* CheckoutProductTableViewCell.xib in Resources */,
				2203BBF12672106D006986D2 /* RecipientAddView.xib in Resources */,
				2244F61826789606006754D6 /* ProductListTableViewCell.xib in Resources */,
				22F1C36C2664D152003A1D5C /* Localizable.strings in Resources */,
				220B260C26E9B424007FC2AA /* pub.pem in Resources */,
				228C406326BA6774003AE590 /* CustomAlertView.xib in Resources */,
				2203BBF6267362BA006986D2 /* ReceiverTableViewCell.xib in Resources */,
				220B262B270407B6007FC2AA /* VideoDetailViewController.xib in Resources */,
				2203BBE3266DCD3C006986D2 /* ChangePwViewController.xib in Resources */,
				22F1C31726648D01003A1D5C /* Assets.xcassets in Resources */,
				22F1C31526648CF8003A1D5C /* Main.storyboard in Resources */,
				220B261E2701B248007FC2AA /* VideoListTableViewCell.xib in Resources */,
				22A5184F2706F4520025C31D /* VideoProductListTableViewCell.xib in Resources */,
				22F1C3A826661A34003A1D5C /* VideoViewController.xib in Resources */,
				220B260A26E74758007FC2AA /* TransactionViewController.xib in Resources */,
				220B26272703038B007FC2AA /* VideoListByTypeViewController.xib in Resources */,
				228BDDA2269D38A70080F843 /* OrderConfirmViewController.xib in Resources */,
				228BDD85268EC22F0080F843 /* CheckoutViewController.xib in Resources */,
				228BDD81268C72C70080F843 /* shoppingCarTableViewCell.xib in Resources */,
				22F1C3D92668852D003A1D5C /* ProductViewController.xib in Resources */,
				220B260326BDAA04007FC2AA /* CustomAlertTwoBtnView.xib in Resources */,
				220B261626E9EC65007FC2AA /* SuccessInfoViewController.xib in Resources */,
				22F1C3EC266885F7003A1D5C /* HistoryOrderViewController.xib in Resources */,
				228BDD912696EED80080F843 /* ConfirmOrderViewController.xib in Resources */,
				22F1C3F126688620003A1D5C /* MemberDataViewController.xib in Resources */,
				2244F61C268039D3006754D6 /* ProductDetailViewController.xib in Resources */,
				228BDDA626A15A1C0080F843 /* HistoryOrderDetailViewController.xib in Resources */,
				2244F61426789586006754D6 /* ProductListViewController.xib in Resources */,
				22F1C3872665CB99003A1D5C /* RegisterViewController.xib in Resources */,
				228BDD9A2698436F0080F843 /* OrderListTableViewCell.xib in Resources */,
				228BDD8B26959A860080F843 /* VastarDataBase.db in Resources */,
			);
			runOnlyForDeploymentPostprocessing = 0;
		};
/* End PBXResourcesBuildPhase section */

/* Begin PBXShellScriptBuildPhase section */
		5B9C1A89B155981CF0FEABAA /* [CP] Embed Pods Frameworks */ = {
			isa = PBXShellScriptBuildPhase;
			buildActionMask = 2147483647;
			files = (
			);
			inputFileListPaths = (
				"${PODS_ROOT}/Target Support Files/Pods-Vastar/Pods-Vastar-frameworks-${CONFIGURATION}-input-files.xcfilelist",
			);
			name = "[CP] Embed Pods Frameworks";
			outputFileListPaths = (
				"${PODS_ROOT}/Target Support Files/Pods-Vastar/Pods-Vastar-frameworks-${CONFIGURATION}-output-files.xcfilelist",
			);
			runOnlyForDeploymentPostprocessing = 0;
			shellPath = /bin/sh;
			shellScript = "\"${PODS_ROOT}/Target Support Files/Pods-Vastar/Pods-Vastar-frameworks.sh\"\n";
			showEnvVarsInLog = 0;
		};
		841F28E2DCA9609F84187FF1 /* [CP] Check Pods Manifest.lock */ = {
			isa = PBXShellScriptBuildPhase;
			buildActionMask = 2147483647;
			files = (
			);
			inputFileListPaths = (
			);
			inputPaths = (
				"${PODS_PODFILE_DIR_PATH}/Podfile.lock",
				"${PODS_ROOT}/Manifest.lock",
			);
			name = "[CP] Check Pods Manifest.lock";
			outputFileListPaths = (
			);
			outputPaths = (
				"$(DERIVED_FILE_DIR)/Pods-Vastar-checkManifestLockResult.txt",
			);
			runOnlyForDeploymentPostprocessing = 0;
			shellPath = /bin/sh;
			shellScript = "diff \"${PODS_PODFILE_DIR_PATH}/Podfile.lock\" \"${PODS_ROOT}/Manifest.lock\" > /dev/null\nif [ $? != 0 ] ; then\n    # print error to STDERR\n    echo \"error: The sandbox is not in sync with the Podfile.lock. Run 'pod install' or update your CocoaPods installation.\" >&2\n    exit 1\nfi\n# This output is used by Xcode 'outputs' to avoid re-running this script phase.\necho \"SUCCESS\" > \"${SCRIPT_OUTPUT_FILE_0}\"\n";
			showEnvVarsInLog = 0;
		};
/* End PBXShellScriptBuildPhase section */

/* Begin PBXSourcesBuildPhase section */
		22F1C30626648CF7003A1D5C /* Sources */ = {
			isa = PBXSourcesBuildPhase;
			buildActionMask = 2147483647;
			files = (
				2203BBEE26721043006986D2 /* RecipientAddView.swift in Sources */,
				2203BBE2266DCD3C006986D2 /* ChangePwViewController.swift in Sources */,
				2203BBE62670947E006986D2 /* AppInfoManager.swift in Sources */,
				220B262A270407B6007FC2AA /* VideoDetailViewController.swift in Sources */,
				22F1C35C2664C7AC003A1D5C /* LoginViewController.swift in Sources */,
				22F1C3862665CB99003A1D5C /* RegisterViewController.swift in Sources */,
				220B26262703038B007FC2AA /* VideoListByTypeViewController.swift in Sources */,
				228BDD9D269AEE2F0080F843 /* OrderCreateDoneViewController.swift in Sources */,
				22F1C39C26660FCC003A1D5C /* SMSideMenuViewController.swift in Sources */,
				22F1C3D82668852D003A1D5C /* ProductViewController.swift in Sources */,
				220B261926EEEF7D007FC2AA /* OrderDoneDetailViewController.swift in Sources */,
				228BDD902696EED80080F843 /* ConfirmOrderViewController.swift in Sources */,
				22F1C31226648CF8003A1D5C /* ViewController.swift in Sources */,
				2244F61B268039D3006754D6 /* ProductDetailViewController.swift in Sources */,
				22F1C3F82668B522003A1D5C /* VClient.swift in Sources */,
				22F1C3EB266885F7003A1D5C /* HistoryOrderViewController.swift in Sources */,
				22F1C40B2668DAA8003A1D5C /* VAlertView.swift in Sources */,
				22F1C30E26648CF8003A1D5C /* AppDelegate.swift in Sources */,
				22F1C3F52668B44C003A1D5C /* CloudGatewayManager.swift in Sources */,
				2244F61326789586006754D6 /* ProductListViewController.swift in Sources */,
				22F1C3E02668857B003A1D5C /* ShoppingCarViewController.swift in Sources */,
				220B260126BDA99C007FC2AA /* CustomAlertTwoBtnView.swift in Sources */,
				220B26222702F8B7007FC2AA /* VideoTypeViewController.swift in Sources */,
				2244F61726789606006754D6 /* ProductListTableViewCell.swift in Sources */,
				22F1C3A1266613F7003A1D5C /* SideMenuTableViewCell.swift in Sources */,
				228BDD80268C72C70080F843 /* shoppingCarTableViewCell.swift in Sources */,
				228C406126BA6724003AE590 /* CustomAlertView.swift in Sources */,
				22F1C3F026688620003A1D5C /* MemberDataViewController.swift in Sources */,
				2203BBE92670C3EE006986D2 /* CustomButton.swift in Sources */,
				228BDDA1269D38A70080F843 /* OrderConfirmViewController.swift in Sources */,
				22F1C3FF2668BD44003A1D5C /* AppDefine.swift in Sources */,
				2244F6202682D10C006754D6 /* SWRevealViewController.m in Sources */,
				228BDD95269843460080F843 /* OrderListViewController.swift in Sources */,
				228BDD992698436F0080F843 /* OrderListTableViewCell.swift in Sources */,
				220B260F26E9EBE2007FC2AA /* FailInfoViewController.swift in Sources */,
				220B261526E9EC65007FC2AA /* SuccessInfoViewController.swift in Sources */,
				22F1C38C2665CBCB003A1D5C /* ForgetPwViewController.swift in Sources */,
				22F1C3A726661A34003A1D5C /* VideoViewController.swift in Sources */,
				22F1C31026648CF8003A1D5C /* SceneDelegate.swift in Sources */,
				22F1C4082668DA83003A1D5C /* VActivityIndicatorView.swift in Sources */,
				228BDD88268F0FDD0080F843 /* CheckoutProductTableViewCell.swift in Sources */,
				228BDDA526A15A1C0080F843 /* HistoryOrderDetailViewController.swift in Sources */,
				228BDD84268EC22F0080F843 /* CheckoutViewController.swift in Sources */,
				220B260926E74758007FC2AA /* TransactionViewController.swift in Sources */,
				2203BBF5267362BA006986D2 /* ReceiverTableViewCell.swift in Sources */,
				220B261D2701B248007FC2AA /* VideoListTableViewCell.swift in Sources */,
				22A5184E2706F4520025C31D /* VideoProductListTableViewCell.swift in Sources */,
			);
			runOnlyForDeploymentPostprocessing = 0;
		};
/* End PBXSourcesBuildPhase section */

/* Begin PBXVariantGroup section */
		22F1C31326648CF8003A1D5C /* Main.storyboard */ = {
			isa = PBXVariantGroup;
			children = (
				22F1C31426648CF8003A1D5C /* Base */,
				22F1C3642664D090003A1D5C /* zh-Hant */,
			);
			name = Main.storyboard;
			sourceTree = "<group>";
		};
		22F1C31826648D01003A1D5C /* LaunchScreen.storyboard */ = {
			isa = PBXVariantGroup;
			children = (
				22F1C31926648D01003A1D5C /* Base */,
				22F1C3652664D090003A1D5C /* zh-Hant */,
			);
			name = LaunchScreen.storyboard;
			sourceTree = "<group>";
		};
		22F1C36E2664D152003A1D5C /* Localizable.strings */ = {
			isa = PBXVariantGroup;
			children = (
				22F1C36D2664D152003A1D5C /* en */,
				22F1C3702664D158003A1D5C /* zh-Hant */,
			);
			name = Localizable.strings;
			sourceTree = "<group>";
		};
/* End PBXVariantGroup section */

/* Begin XCBuildConfiguration section */
		22F1C31C26648D01003A1D5C /* Debug */ = {
			isa = XCBuildConfiguration;
			buildSettings = {
				ALWAYS_SEARCH_USER_PATHS = NO;
				CLANG_ANALYZER_LOCALIZABILITY_NONLOCALIZED = YES;
				CLANG_ANALYZER_NONNULL = YES;
				CLANG_ANALYZER_NUMBER_OBJECT_CONVERSION = YES_AGGRESSIVE;
				CLANG_CXX_LANGUAGE_STANDARD = "gnu++14";
				CLANG_CXX_LIBRARY = "libc++";
				CLANG_ENABLE_MODULES = YES;
				CLANG_ENABLE_OBJC_ARC = YES;
				CLANG_ENABLE_OBJC_WEAK = YES;
				CLANG_WARN_BLOCK_CAPTURE_AUTORELEASING = YES;
				CLANG_WARN_BOOL_CONVERSION = YES;
				CLANG_WARN_COMMA = YES;
				CLANG_WARN_CONSTANT_CONVERSION = YES;
				CLANG_WARN_DEPRECATED_OBJC_IMPLEMENTATIONS = YES;
				CLANG_WARN_DIRECT_OBJC_ISA_USAGE = YES_ERROR;
				CLANG_WARN_DOCUMENTATION_COMMENTS = YES;
				CLANG_WARN_EMPTY_BODY = YES;
				CLANG_WARN_ENUM_CONVERSION = YES;
				CLANG_WARN_INFINITE_RECURSION = YES;
				CLANG_WARN_INT_CONVERSION = YES;
				CLANG_WARN_NON_LITERAL_NULL_CONVERSION = YES;
				CLANG_WARN_OBJC_IMPLICIT_RETAIN_SELF = YES;
				CLANG_WARN_OBJC_LITERAL_CONVERSION = YES;
				CLANG_WARN_OBJC_ROOT_CLASS = YES_ERROR;
				CLANG_WARN_QUOTED_INCLUDE_IN_FRAMEWORK_HEADER = YES;
				CLANG_WARN_RANGE_LOOP_ANALYSIS = YES;
				CLANG_WARN_STRICT_PROTOTYPES = YES;
				CLANG_WARN_SUSPICIOUS_MOVE = YES;
				CLANG_WARN_UNGUARDED_AVAILABILITY = YES_AGGRESSIVE;
				CLANG_WARN_UNREACHABLE_CODE = YES;
				CLANG_WARN__DUPLICATE_METHOD_MATCH = YES;
				COPY_PHASE_STRIP = NO;
				DEBUG_INFORMATION_FORMAT = dwarf;
				ENABLE_STRICT_OBJC_MSGSEND = YES;
				ENABLE_TESTABILITY = YES;
				GCC_C_LANGUAGE_STANDARD = gnu11;
				GCC_DYNAMIC_NO_PIC = NO;
				GCC_NO_COMMON_BLOCKS = YES;
				GCC_OPTIMIZATION_LEVEL = 0;
				GCC_PREPROCESSOR_DEFINITIONS = (
					"DEBUG=1",
					"$(inherited)",
				);
				GCC_WARN_64_TO_32_BIT_CONVERSION = YES;
				GCC_WARN_ABOUT_RETURN_TYPE = YES_ERROR;
				GCC_WARN_UNDECLARED_SELECTOR = YES;
				GCC_WARN_UNINITIALIZED_AUTOS = YES_AGGRESSIVE;
				GCC_WARN_UNUSED_FUNCTION = YES;
				GCC_WARN_UNUSED_VARIABLE = YES;
				IPHONEOS_DEPLOYMENT_TARGET = 11.0;
				MTL_ENABLE_DEBUG_INFO = INCLUDE_SOURCE;
				MTL_FAST_MATH = YES;
				ONLY_ACTIVE_ARCH = YES;
				SDKROOT = iphoneos;
				SWIFT_ACTIVE_COMPILATION_CONDITIONS = DEBUG;
				SWIFT_OPTIMIZATION_LEVEL = "-Onone";
			};
			name = Debug;
		};
		22F1C31D26648D01003A1D5C /* Release */ = {
			isa = XCBuildConfiguration;
			buildSettings = {
				ALWAYS_SEARCH_USER_PATHS = NO;
				CLANG_ANALYZER_LOCALIZABILITY_NONLOCALIZED = YES;
				CLANG_ANALYZER_NONNULL = YES;
				CLANG_ANALYZER_NUMBER_OBJECT_CONVERSION = YES_AGGRESSIVE;
				CLANG_CXX_LANGUAGE_STANDARD = "gnu++14";
				CLANG_CXX_LIBRARY = "libc++";
				CLANG_ENABLE_MODULES = YES;
				CLANG_ENABLE_OBJC_ARC = YES;
				CLANG_ENABLE_OBJC_WEAK = YES;
				CLANG_WARN_BLOCK_CAPTURE_AUTORELEASING = YES;
				CLANG_WARN_BOOL_CONVERSION = YES;
				CLANG_WARN_COMMA = YES;
				CLANG_WARN_CONSTANT_CONVERSION = YES;
				CLANG_WARN_DEPRECATED_OBJC_IMPLEMENTATIONS = YES;
				CLANG_WARN_DIRECT_OBJC_ISA_USAGE = YES_ERROR;
				CLANG_WARN_DOCUMENTATION_COMMENTS = YES;
				CLANG_WARN_EMPTY_BODY = YES;
				CLANG_WARN_ENUM_CONVERSION = YES;
				CLANG_WARN_INFINITE_RECURSION = YES;
				CLANG_WARN_INT_CONVERSION = YES;
				CLANG_WARN_NON_LITERAL_NULL_CONVERSION = YES;
				CLANG_WARN_OBJC_IMPLICIT_RETAIN_SELF = YES;
				CLANG_WARN_OBJC_LITERAL_CONVERSION = YES;
				CLANG_WARN_OBJC_ROOT_CLASS = YES_ERROR;
				CLANG_WARN_QUOTED_INCLUDE_IN_FRAMEWORK_HEADER = YES;
				CLANG_WARN_RANGE_LOOP_ANALYSIS = YES;
				CLANG_WARN_STRICT_PROTOTYPES = YES;
				CLANG_WARN_SUSPICIOUS_MOVE = YES;
				CLANG_WARN_UNGUARDED_AVAILABILITY = YES_AGGRESSIVE;
				CLANG_WARN_UNREACHABLE_CODE = YES;
				CLANG_WARN__DUPLICATE_METHOD_MATCH = YES;
				COPY_PHASE_STRIP = NO;
				DEBUG_INFORMATION_FORMAT = "dwarf-with-dsym";
				ENABLE_NS_ASSERTIONS = NO;
				ENABLE_STRICT_OBJC_MSGSEND = YES;
				GCC_C_LANGUAGE_STANDARD = gnu11;
				GCC_NO_COMMON_BLOCKS = YES;
				GCC_WARN_64_TO_32_BIT_CONVERSION = YES;
				GCC_WARN_ABOUT_RETURN_TYPE = YES_ERROR;
				GCC_WARN_UNDECLARED_SELECTOR = YES;
				GCC_WARN_UNINITIALIZED_AUTOS = YES_AGGRESSIVE;
				GCC_WARN_UNUSED_FUNCTION = YES;
				GCC_WARN_UNUSED_VARIABLE = YES;
				IPHONEOS_DEPLOYMENT_TARGET = 11.0;
				MTL_ENABLE_DEBUG_INFO = NO;
				MTL_FAST_MATH = YES;
				SDKROOT = iphoneos;
				SWIFT_COMPILATION_MODE = wholemodule;
				SWIFT_OPTIMIZATION_LEVEL = "-O";
				VALIDATE_PRODUCT = YES;
			};
			name = Release;
		};
		22F1C31F26648D01003A1D5C /* Debug */ = {
			isa = XCBuildConfiguration;
			baseConfigurationReference = AA7D015424682E86B089ECA9 /* Pods-Vastar.debug.xcconfig */;
			buildSettings = {
				ASSETCATALOG_COMPILER_APPICON_NAME = AppIcon;
				ASSETCATALOG_COMPILER_GLOBAL_ACCENT_COLOR_NAME = AccentColor;
				CODE_SIGN_IDENTITY = "iPhone Developer";
				CODE_SIGN_STYLE = Manual;
				DEVELOPMENT_TEAM = 4WAY8FCBVF;
				FRAMEWORK_SEARCH_PATHS = (
					"$(inherited)",
					"$(PROJECT_DIR)/Vastar/Components",
				);
				INFOPLIST_FILE = Vastar/Info.plist;
				IPHONEOS_DEPLOYMENT_TARGET = 11.0;
				LD_RUNPATH_SEARCH_PATHS = (
					"$(inherited)",
					"@executable_path/Frameworks",
				);
				PRODUCT_BUNDLE_IDENTIFIER = com.Tn.Dev.CW.Studio.Vastar;
				PRODUCT_NAME = "$(TARGET_NAME)";
				PROVISIONING_PROFILE_SPECIFIER = CharleDevProvisioning;
				SWIFT_OBJC_BRIDGING_HEADER = "$(SRCROOT)/Vastar-Bridging-Header.h";
				SWIFT_VERSION = 5.0;
				TARGETED_DEVICE_FAMILY = "1,2";
			};
			name = Debug;
		};
		22F1C32026648D01003A1D5C /* Release */ = {
			isa = XCBuildConfiguration;
			baseConfigurationReference = 712042D70D1373F3119BDA1B /* Pods-Vastar.release.xcconfig */;
			buildSettings = {
				ASSETCATALOG_COMPILER_APPICON_NAME = AppIcon;
				ASSETCATALOG_COMPILER_GLOBAL_ACCENT_COLOR_NAME = AccentColor;
				CODE_SIGN_IDENTITY = "iPhone Developer";
				CODE_SIGN_STYLE = Manual;
				DEVELOPMENT_TEAM = 4WAY8FCBVF;
				FRAMEWORK_SEARCH_PATHS = (
					"$(inherited)",
					"$(PROJECT_DIR)/Vastar/Components",
				);
				INFOPLIST_FILE = Vastar/Info.plist;
				IPHONEOS_DEPLOYMENT_TARGET = 11.0;
				LD_RUNPATH_SEARCH_PATHS = (
					"$(inherited)",
					"@executable_path/Frameworks",
				);
				PRODUCT_BUNDLE_IDENTIFIER = com.Tn.Dev.CW.Studio.Vastar;
				PRODUCT_NAME = "$(TARGET_NAME)";
				PROVISIONING_PROFILE_SPECIFIER = CharleDevProvisioning;
				SWIFT_OBJC_BRIDGING_HEADER = "$(SRCROOT)/Vastar-Bridging-Header.h";
				SWIFT_VERSION = 5.0;
				TARGETED_DEVICE_FAMILY = "1,2";
			};
			name = Release;
		};
/* End XCBuildConfiguration section */

/* Begin XCConfigurationList section */
		22F1C30526648CF7003A1D5C /* Build configuration list for PBXProject "Vastar" */ = {
			isa = XCConfigurationList;
			buildConfigurations = (
				22F1C31C26648D01003A1D5C /* Debug */,
				22F1C31D26648D01003A1D5C /* Release */,
			);
			defaultConfigurationIsVisible = 0;
			defaultConfigurationName = Release;
		};
		22F1C31E26648D01003A1D5C /* Build configuration list for PBXNativeTarget "Vastar" */ = {
			isa = XCConfigurationList;
			buildConfigurations = (
				22F1C31F26648D01003A1D5C /* Debug */,
				22F1C32026648D01003A1D5C /* Release */,
			);
			defaultConfigurationIsVisible = 0;
			defaultConfigurationName = Release;
		};
/* End XCConfigurationList section */
	};
	rootObject = 22F1C30226648CF7003A1D5C /* Project object */;
}
