PODS:
  - Alamofire (4.9.1)
  - IQKeyboardManagerSwift (6.5.6)

DEPENDENCIES:
  - Alamofire (= 4.9.1)
  - IQKeyboardManagerSwift

SPEC REPOS:
  trunk:
    - Alamofire
    - IQKeyboardManagerSwift

SPEC CHECKSUMS:
  Alamofire: 85e8a02c69d6020a0d734f6054870d7ecb75cf18
  IQKeyboardManagerSwift: c7df9d2deb356c04522f5c4b7b6e4ce4d8ed94fe

PODFILE CHECKSUM: aea3652ceabd973f89ab1cd8da9f70487804425e

COCOAPODS: 1.8.4
